
Microsoft Visual Studio Solution File, Format Version 12.00
# Visual Studio Version 17
VisualStudioVersion = 17.0.32014.148
MinimumVisualStudioVersion = 10.0.40219.1
Project("{8BC9CEB8-8B4A-11D0-8D11-00A0C91BC942}") = "Baekjoon", "Baekjoon\Baekjoon.vcxproj", "{067C0737-0DDD-4CEF-8A9D-5EFE20F42FB7}"
EndProject
Project("{8BC9CEB8-8B4A-11D0-8D11-00A0C91BC942}") = "10157 자리배정", "10157 자리배정\10157 자리배정.vcxproj", "{03E99A45-D9CB-4E22-BD2E-52AFA564A3CC}"
EndProject
Project("{8BC9CEB8-8B4A-11D0-8D11-00A0C91BC942}") = "7568 덩치", "7568 덩치\7568 덩치.vcxproj", "{121ACF0F-34A0-4212-B72E-8370AF4B40F7}"
EndProject
Project("{8BC9CEB8-8B4A-11D0-8D11-00A0C91BC942}") = "2526 싸이클", "2526 싸이클\2526 싸이클.vcxproj", "{78B46A09-1077-4CFA-A136-42C265787A17}"
EndProject
Project("{8BC9CEB8-8B4A-11D0-8D11-00A0C91BC942}") = "2456 나는 학급회장이다", "2456 나는 학급회장이다\2456 나는 학급회장이다.vcxproj", "{A6C06658-5803-4CFE-98C6-0878E050D174}"
EndProject
Project("{8BC9CEB8-8B4A-11D0-8D11-00A0C91BC942}") = "2476 주사위 게임", "2476 주사위 게임\2476 주사위 게임.vcxproj", "{D06FCCC3-044B-4202-BD87-FE67AF93C97F}"
EndProject
Project("{8BC9CEB8-8B4A-11D0-8D11-00A0C91BC942}") = "2491 수열", "2491 수열\2491 수열.vcxproj", "{C4659907-B998-45D5-A286-010174097888}"
EndProject
Project("{8BC9CEB8-8B4A-11D0-8D11-00A0C91BC942}") = "1016 제곱 ㄴㄴ수", "1016 제곱 ㄴㄴ수\1016 제곱 ㄴㄴ수.vcxproj", "{87475624-39CA-4946-ADD7-DEFE28E1787E}"
EndProject
Project("{8BC9CEB8-8B4A-11D0-8D11-00A0C91BC942}") = "18108 1998년생인 내가 태국에서는 2541년생물음표", "18108 1998년생인 내가 태국에서는 2541년생물음표\18108 1998년생인 내가 태국에서는 2541년생물음표.vcxproj", "{7A4C3E7F-1ECF-4A6C-9653-D1EE18BE7256}"
EndProject
Project("{8BC9CEB8-8B4A-11D0-8D11-00A0C91BC942}") = "10430 나머지", "10430 나머지\10430 나머지.vcxproj", "{5B796D14-CB7D-47B1-BD0E-1DCE56E99B38}"
EndProject
Project("{8BC9CEB8-8B4A-11D0-8D11-00A0C91BC942}") = "2588 곱셈", "2588 곱셈\2588 곱셈.vcxproj", "{917993C9-1ECA-44CA-8F0B-1326AF90EBF1}"
EndProject
Project("{8BC9CEB8-8B4A-11D0-8D11-00A0C91BC942}") = "14681 사분면 고르기", "14681 사분면 고르기\14681 사분면 고르기.vcxproj", "{27CAA5D5-A918-4094-A5BA-0834B5873735}"
EndProject
Project("{8BC9CEB8-8B4A-11D0-8D11-00A0C91BC942}") = "8393 합", "8393 합\8393 합.vcxproj", "{10F1191F-EF81-427B-BBDE-96C81D658B21}"
EndProject
Project("{8BC9CEB8-8B4A-11D0-8D11-00A0C91BC942}") = "15552 빠른 A+B", "15552 빠른 A+B\15552 빠른 A+B.vcxproj", "{D63E8FC5-9F03-4097-BDBC-172363E97CE6}"
EndProject
Project("{8BC9CEB8-8B4A-11D0-8D11-00A0C91BC942}") = "11021 A+B - 7", "11021 A+B - 7\11021 A+B - 7.vcxproj", "{3AD1AFFC-0AA7-4313-AB76-2B061DFFD04A}"
EndProject
Project("{8BC9CEB8-8B4A-11D0-8D11-00A0C91BC942}") = "11022 A+B - 8", "11022 A+B - 8\11022 A+B - 8.vcxproj", "{CEFC6AA9-5631-4519-AC44-BEF521CE441A}"
EndProject
Project("{8BC9CEB8-8B4A-11D0-8D11-00A0C91BC942}") = "10871 X보다 작은 수", "10871 X보다 작은 수\10871 X보다 작은 수.vcxproj", "{17BAC988-C459-487A-98A8-0467229A2112}"
EndProject
Project("{8BC9CEB8-8B4A-11D0-8D11-00A0C91BC942}") = "2667 단지번호붙이기", "2667 단지번호붙이기\2667 단지번호붙이기.vcxproj", "{DE9CE21E-549A-4AF4-90C1-AC9E76BD8A63}"
EndProject
Project("{8BC9CEB8-8B4A-11D0-8D11-00A0C91BC942}") = "2751 수 정렬하기 2", "2751 수 정렬하기 2\2751 수 정렬하기 2.vcxproj", "{7EE75E93-A8DB-4737-9C15-EEA1AF26645F}"
EndProject
Project("{8BC9CEB8-8B4A-11D0-8D11-00A0C91BC942}") = "2502 떡 먹는 호랑이", "2502 떡 먹는 호랑이\2502 떡 먹는 호랑이.vcxproj", "{15551E5B-94E8-4A67-AC6B-0E08184A095E}"
EndProject
Project("{8BC9CEB8-8B4A-11D0-8D11-00A0C91BC942}") = "17608 막대기", "17608 막대기\17608 막대기.vcxproj", "{A63B83B4-4824-4457-81B6-CEA3903960FF}"
EndProject
Project("{8BC9CEB8-8B4A-11D0-8D11-00A0C91BC942}") = "17609 회문", "17609 회문\17609 회문.vcxproj", "{49683CBF-A102-4A1F-8506-0495DD74F7BF}"
EndProject
Project("{8BC9CEB8-8B4A-11D0-8D11-00A0C91BC942}") = "13410 거꾸로 구구단", "13410 거꾸로 구구단\13410 거꾸로 구구단.vcxproj", "{9EEED849-34AC-4358-8AF2-728AE41332D4}"
EndProject
Project("{8BC9CEB8-8B4A-11D0-8D11-00A0C91BC942}") = "17610 양팔저울", "17610 양팔저울\17610 양팔저울.vcxproj", "{3F2E1605-1642-4DED-BBA6-1B087AC2C927}"
EndProject
Project("{8BC9CEB8-8B4A-11D0-8D11-00A0C91BC942}") = "17611 직각다각형", "17611 직각다각형\17611 직각다각형.vcxproj", "{6891AD59-E0BC-4A23-8C9B-1423C6F972CC}"
EndProject
Project("{8BC9CEB8-8B4A-11D0-8D11-00A0C91BC942}") = "17612 쇼핑몰", "17612 쇼핑몰\17612 쇼핑몰.vcxproj", "{96B7759C-7C32-4D17-9C66-32F9D329D043}"
EndProject
Project("{8BC9CEB8-8B4A-11D0-8D11-00A0C91BC942}") = "17613 점프", "17613 점프\17613 점프.vcxproj", "{7B244194-AE40-4808-8C27-9E5E8E042E95}"
EndProject
Project("{8BC9CEB8-8B4A-11D0-8D11-00A0C91BC942}") = "4153 직각삼각형", "4153 직각삼각형\4153 직각삼각형.vcxproj", "{10A6C2B5-8ADE-493E-9D65-956ECBAF9ABA}"
EndProject
Project("{8BC9CEB8-8B4A-11D0-8D11-00A0C91BC942}") = "testbox", "testbox\testbox.vcxproj", "{9C0D1F4B-7645-42FE-9F00-D9715BC6FB3A}"
EndProject
Project("{8BC9CEB8-8B4A-11D0-8D11-00A0C91BC942}") = "14495 피보나치 비스무리한 수열", "14495 피보나치 비스무리한 수열\14495 피보나치 비스무리한 수열.vcxproj", "{35D8960A-139E-42BF-ABA7-A3F7E99FA09D}"
EndProject
Project("{8BC9CEB8-8B4A-11D0-8D11-00A0C91BC942}") = "17478 제귀함수가 뭔가요", "17478 제귀함수가 뭔가요\17478 제귀함수가 뭔가요.vcxproj", "{ECA1BB3E-63BF-4BE5-9C9E-F640CA4B2994}"
EndProject
Project("{8BC9CEB8-8B4A-11D0-8D11-00A0C91BC942}") = "13305 주유소", "13305 주유소\13305 주유소.vcxproj", "{564F820A-5C93-45E4-9B7E-FEC517B3DB24}"
EndProject
Project("{8BC9CEB8-8B4A-11D0-8D11-00A0C91BC942}") = "2292 벌집", "2292 벌집\2292 벌집.vcxproj", "{1A8060A6-7BDE-4FD8-89B1-F00336112DED}"
EndProject
Project("{8BC9CEB8-8B4A-11D0-8D11-00A0C91BC942}") = "1076 저항", "1076 저항\1076 저항.vcxproj", "{D3CEEE31-CE86-4FDD-8912-C6238BC57F9E}"
EndProject
Project("{8BC9CEB8-8B4A-11D0-8D11-00A0C91BC942}") = "2742 기찍 N", "2742 기찍 N\2742 기찍 N.vcxproj", "{8753A263-BD5C-4952-8D27-542225760C8E}"
EndProject
Project("{8BC9CEB8-8B4A-11D0-8D11-00A0C91BC942}") = "15813 너의 이름은 몇 점이니", "15813 너의 이름은 몇 점이니\15813 너의 이름은 몇 점이니.vcxproj", "{29AA8142-AE0A-484B-AFDC-E0D777E754DD}"
EndProject
Project("{8BC9CEB8-8B4A-11D0-8D11-00A0C91BC942}") = "2563 색종이", "2563 색종이\2563 색종이.vcxproj", "{5CB0AF4B-0D0C-4F98-8787-CA88F3C82D31}"
EndProject
Project("{8BC9CEB8-8B4A-11D0-8D11-00A0C91BC942}") = "2839 설탕 배달", "2839 설탕 배달\2839 설탕 배달.vcxproj", "{E87BB68E-E839-4C72-9909-8A08F37F6948}"
EndProject
Project("{8BC9CEB8-8B4A-11D0-8D11-00A0C91BC942}") = "9012 괄호", "9012 괄호\9012 괄호.vcxproj", "{DEA57D52-734F-43F4-9FC0-173439AC2E08}"
EndProject
Project("{8BC9CEB8-8B4A-11D0-8D11-00A0C91BC942}") = "1018 체스판 다시 칠하기", "1018 체스판 다시 칠하기\1018 체스판 다시 칠하기.vcxproj", "{AFFCF295-33B4-4BCD-BB7B-2B233FEDD789}"
EndProject
Project("{8BC9CEB8-8B4A-11D0-8D11-00A0C91BC942}") = "1436 영화감독 숌", "1436 영화감독 숌\1436 영화감독 숌.vcxproj", "{E2F4B5D2-D41B-4A83-8A08-257E3BE008C1}"
EndProject
Project("{8BC9CEB8-8B4A-11D0-8D11-00A0C91BC942}") = "14501 퇴사", "14501 퇴사\14501 퇴사.vcxproj", "{9668D8CF-EB23-486B-8C6C-F4DE2E7C6BCB}"
EndProject
Project("{8BC9CEB8-8B4A-11D0-8D11-00A0C91BC942}") = "3085 사탕 게임", "3085 사탕 게임\3085 사탕 게임.vcxproj", "{056D17CD-4541-4DA0-A770-89C9AEB77AF3}"
EndProject
Project("{8BC9CEB8-8B4A-11D0-8D11-00A0C91BC942}") = "11650 좌표 정렬하기", "11650 좌표 정렬하기\11650 좌표 정렬하기.vcxproj", "{2A4F0361-942B-48BD-B36E-CCE31FC3435E}"
EndProject
Project("{8BC9CEB8-8B4A-11D0-8D11-00A0C91BC942}") = "1197 최소 스패닝 트리", "1197 최소 스패닝 트리\1197 최소 스패닝 트리.vcxproj", "{1E31F671-0134-4195-88F1-DF7E0FB16F3C}"
EndProject
Project("{8BC9CEB8-8B4A-11D0-8D11-00A0C91BC942}") = "1202 보석 도둑", "1202 보석 도둑\1202 보석 도둑.vcxproj", "{56A51B6C-69B8-411D-B2F1-ED6D77D81FC5}"
EndProject
Project("{8BC9CEB8-8B4A-11D0-8D11-00A0C91BC942}") = "10845 큐", "10845 큐\10845 큐.vcxproj", "{CC8DD229-9A7A-4D3B-A343-E71ECB221EAC}"
EndProject
Project("{8BC9CEB8-8B4A-11D0-8D11-00A0C91BC942}") = "7576 토마토", "7576 토마토\7576 토마토.vcxproj", "{4A54F116-C163-4BD4-968D-A6A3B4F0A05F}"
EndProject
Project("{8BC9CEB8-8B4A-11D0-8D11-00A0C91BC942}") = "1208 부분수열의 합2", "1208 부분수열의 합2\1208 부분수열의 합2.vcxproj", "{BF664405-0E02-489B-AEF6-42DCA51FD666}"
EndProject
Project("{8BC9CEB8-8B4A-11D0-8D11-00A0C91BC942}") = "1806 부분 합", "1806 부분 합\1806 부분 합.vcxproj", "{74291B33-CDE5-48C6-9FCD-094555A45C5F}"
EndProject
Project("{8BC9CEB8-8B4A-11D0-8D11-00A0C91BC942}") = "1644 소수의 연속합", "1644 소수의 연속합\1644 소수의 연속합.vcxproj", "{C38E7DC3-1BCD-4128-B471-21C30589A4F1}"
EndProject
Project("{8BC9CEB8-8B4A-11D0-8D11-00A0C91BC942}") = "1107 리모컨", "1107 리모컨\1107 리모컨.vcxproj", "{343AC87B-1088-4FDA-9E97-12FC7613D0D8}"
EndProject
Project("{8BC9CEB8-8B4A-11D0-8D11-00A0C91BC942}") = "2162 선분 그룹", "2162 선분 그룹\2162 선분 그룹.vcxproj", "{66D034F3-A2CB-402E-B694-D3319A35CC7E}"
EndProject
Project("{8BC9CEB8-8B4A-11D0-8D11-00A0C91BC942}") = "1449 수리공 항승", "1449 수리공 항승\1449 수리공 항승.vcxproj", "{BF4E07F2-0B31-48C4-A7A0-D9CB554BABAD}"
EndProject
Project("{8BC9CEB8-8B4A-11D0-8D11-00A0C91BC942}") = "1946 신입 사원", "1946 신입 사원\1946 신입 사원.vcxproj", "{939B8687-965B-4F54-ACA2-12626B00128A}"
EndProject
Project("{8BC9CEB8-8B4A-11D0-8D11-00A0C91BC942}") = "1931 회의실 배정", "1931 회의실 배정\1931 회의실 배정.vcxproj", "{08FDC25D-18E8-48A0-B62C-9499FB799AF5}"
EndProject
Project("{8BC9CEB8-8B4A-11D0-8D11-00A0C91BC942}") = "6068 시간 관리하기", "6068 시간 관리하기\6068 시간 관리하기.vcxproj", "{76E29954-B892-4776-BD4E-AA9E1FD95AA9}"
EndProject
Project("{8BC9CEB8-8B4A-11D0-8D11-00A0C91BC942}") = "7568 덩치_1", "7568 덩치_1\7568 덩치_1.vcxproj", "{CB7E90B6-A5AB-4909-BF5E-22A1FD42C85D}"
EndProject
Project("{8BC9CEB8-8B4A-11D0-8D11-00A0C91BC942}") = "2847 게임을 만든 동준이", "2847 게임을 만든 동준이\2847 게임을 만든 동준이.vcxproj", "{6552AD51-9FF3-463A-96AC-45C7BC9D50F5}"
EndProject
Project("{8BC9CEB8-8B4A-11D0-8D11-00A0C91BC942}") = "3085 사탕게임", "3085 사탕게임\3085 사탕게임.vcxproj", "{70C1FE04-DDDE-40AC-89A5-214CA47B16B1}"
EndProject
Project("{8BC9CEB8-8B4A-11D0-8D11-00A0C91BC942}") = "1965 상자넣기", "1965 상자넣기\1965 상자넣기.vcxproj", "{A869B282-543F-46D5-9BEC-0A207B306846}"
EndProject
Project("{8BC9CEB8-8B4A-11D0-8D11-00A0C91BC942}") = "21758 꿀 따기", "21758 꿀 따기\21758 꿀 따기.vcxproj", "{0EFB0EAC-3D63-4E2B-B20D-3DEB3F535D38}"
EndProject
Project("{8BC9CEB8-8B4A-11D0-8D11-00A0C91BC942}") = "11055 가장 큰 증가 부분 수열", "11055 가장 큰 증가 부분 수열\11055 가장 큰 증가 부분 수열.vcxproj", "{6A73AF0F-DFC8-488C-8817-CC0D77CD6503}"
EndProject
Project("{8BC9CEB8-8B4A-11D0-8D11-00A0C91BC942}") = "11053 가장 긴 증가하는 부분 수열", "11053 가장 긴 증가하는 부분 수열\11053 가장 긴 증가하는 부분 수열.vcxproj", "{6758649C-E5DB-46B5-9933-1F2006A38949}"
EndProject
Project("{8BC9CEB8-8B4A-11D0-8D11-00A0C91BC942}") = "11054 가장 긴 바이토닉 부분 수열", "11054 가장 긴 바이토닉 부분 수열\11054 가장 긴 바이토닉 부분 수열.vcxproj", "{CF5F048D-5FBF-4BBC-A32F-74EA655FBEE5}"
EndProject
Project("{8BC9CEB8-8B4A-11D0-8D11-00A0C91BC942}") = "9375 패션왕 신해빈", "9375 패션왕 신해빈\9375 패션왕 신해빈.vcxproj", "{AEA06D4D-E209-4610-9917-00CA1CF51C72}"
EndProject
Project("{8BC9CEB8-8B4A-11D0-8D11-00A0C91BC942}") = "11286 절댓값 힙", "11286 절댓값 힙\11286 절댓값 힙.vcxproj", "{21D74BA9-26CE-430C-8501-2A244CEE619C}"
EndProject
Project("{8BC9CEB8-8B4A-11D0-8D11-00A0C91BC942}") = "1874 스택 수열", "1874 스택 수열\1874 스택 수열.vcxproj", "{A016D80F-A97A-4E6F-B560-7001057BCF08}"
EndProject
Project("{8BC9CEB8-8B4A-11D0-8D11-00A0C91BC942}") = "2493 탑", "2493 탑\2493 탑.vcxproj", "{954F6FC4-2103-4309-9D9D-4887E9AB6DC6}"
EndProject
Project("{8BC9CEB8-8B4A-11D0-8D11-00A0C91BC942}") = "10773 제로", "10773 제로\10773 제로.vcxproj", "{261D7C07-6837-48F6-B5CF-37E71B1EC08E}"
EndProject
Project("{8BC9CEB8-8B4A-11D0-8D11-00A0C91BC942}") = "1158 요세푸스 문제", "1158 요세푸스 문제\1158 요세푸스 문제.vcxproj", "{364D2573-705F-4F59-91EF-20F33913B1F2}"
EndProject
Project("{8BC9CEB8-8B4A-11D0-8D11-00A0C91BC942}") = "2164 카드2", "2164 카드2\2164 카드2.vcxproj", "{F4DD7D50-7E50-4895-B67E-35FF46F9B9AF}"
EndProject
Project("{8BC9CEB8-8B4A-11D0-8D11-00A0C91BC942}") = "10866 덱", "10866 덱\10866 덱.vcxproj", "{159CFB15-7A41-4253-AC05-F3A04F8CBA6E}"
EndProject
Project("{8BC9CEB8-8B4A-11D0-8D11-00A0C91BC942}") = "1966 프린터 큐", "1966 프린터 큐\1966 프린터 큐.vcxproj", "{3BF67841-1CA8-4787-9740-65949251C55C}"
EndProject
Project("{8BC9CEB8-8B4A-11D0-8D11-00A0C91BC942}") = "10816 숫자 카드 2", "10816 숫자 카드 2\10816 숫자 카드 2.vcxproj", "{45CCB41C-A4F9-4DE4-847F-BE96E950258C}"
EndProject
Project("{8BC9CEB8-8B4A-11D0-8D11-00A0C91BC942}") = "10815 숫자 카드", "10815 숫자 카드\10815 숫자 카드.vcxproj", "{A0C7B0A0-3DF8-4208-9206-DCD1F24123AA}"
EndProject
Project("{8BC9CEB8-8B4A-11D0-8D11-00A0C91BC942}") = "10799 쇠막대기", "10799 쇠막대기\10799 쇠막대기.vcxproj", "{E661BB6F-9671-4588-8A69-3628B7AC6C02}"
EndProject
Project("{8BC9CEB8-8B4A-11D0-8D11-00A0C91BC942}") = "1406 에디터", "1406 에디터\1406 에디터.vcxproj", "{97E680A7-E266-45B6-A665-120B9BC1670A}"
EndProject
Project("{8BC9CEB8-8B4A-11D0-8D11-00A0C91BC942}") = "3190 뱀", "3190 뱀\3190 뱀.vcxproj", "{5DE32541-814E-43C0-B4A9-6DD3AA210778}"
EndProject
Project("{8BC9CEB8-8B4A-11D0-8D11-00A0C91BC942}") = "1021 회전하는 큐", "1021 회전하는 큐\1021 회전하는 큐.vcxproj", "{3549863C-173C-4223-AD01-B189CAF95392}"
EndProject
Project("{8BC9CEB8-8B4A-11D0-8D11-00A0C91BC942}") = "7569 토마토", "7569 토마토\7569 토마토.vcxproj", "{DE5DED75-E21A-4525-8381-EDD98196A953}"
EndProject
Project("{8BC9CEB8-8B4A-11D0-8D11-00A0C91BC942}") = "2492 보석", "2492 보석\2492 보석.vcxproj", "{25A8AD69-474B-45B0-ACE9-F3CFA19FF663}"
EndProject
Project("{8BC9CEB8-8B4A-11D0-8D11-00A0C91BC942}") = "4195 친구 네트워크", "4195 친구 네트워크\4195 친구 네트워크.vcxproj", "{C3D5C83C-4A85-468F-90E5-F5519FF56204}"
EndProject
Project("{8BC9CEB8-8B4A-11D0-8D11-00A0C91BC942}") = "1007 벡터 매칭", "1007 벡터 매칭\1007 벡터 매칭.vcxproj", "{5EC03CF1-BAB2-4939-BFF2-8726700EAA7A}"
EndProject
Project("{8BC9CEB8-8B4A-11D0-8D11-00A0C91BC942}") = "11726 2xn 타일링", "11726 2xn 타일링\11726 2xn 타일링.vcxproj", "{CC2FABD0-B80C-4EF9-BA54-A4DB92EFD96F}"
EndProject
Project("{8BC9CEB8-8B4A-11D0-8D11-00A0C91BC942}") = "1149 RGB 거리", "1149 RGB 거리\1149 RGB 거리.vcxproj", "{3D021A51-D591-4699-BE54-4B1E450441D8}"
EndProject
Project("{8BC9CEB8-8B4A-11D0-8D11-00A0C91BC942}") = "2579 계단 오르기", "2579 계단 오르기\2579 계단 오르기.vcxproj", "{3E0A9A77-A850-435F-A0AB-966D053CB781}"
EndProject
Project("{8BC9CEB8-8B4A-11D0-8D11-00A0C91BC942}") = "1912 연속합", "1912 연속합\1912 연속합.vcxproj", "{1488E80E-AF02-496C-8343-85EA6D45DF73}"
EndProject
Global
	GlobalSection(SolutionConfigurationPlatforms) = preSolution
		Debug|x64 = Debug|x64
		Debug|x86 = Debug|x86
		Release|x64 = Release|x64
		Release|x86 = Release|x86
	EndGlobalSection
	GlobalSection(ProjectConfigurationPlatforms) = postSolution
		{067C0737-0DDD-4CEF-8A9D-5EFE20F42FB7}.Debug|x64.ActiveCfg = Debug|x64
		{067C0737-0DDD-4CEF-8A9D-5EFE20F42FB7}.Debug|x64.Build.0 = Debug|x64
		{067C0737-0DDD-4CEF-8A9D-5EFE20F42FB7}.Debug|x86.ActiveCfg = Debug|Win32
		{067C0737-0DDD-4CEF-8A9D-5EFE20F42FB7}.Debug|x86.Build.0 = Debug|Win32
		{067C0737-0DDD-4CEF-8A9D-5EFE20F42FB7}.Release|x64.ActiveCfg = Release|x64
		{067C0737-0DDD-4CEF-8A9D-5EFE20F42FB7}.Release|x64.Build.0 = Release|x64
		{067C0737-0DDD-4CEF-8A9D-5EFE20F42FB7}.Release|x86.ActiveCfg = Release|Win32
		{067C0737-0DDD-4CEF-8A9D-5EFE20F42FB7}.Release|x86.Build.0 = Release|Win32
		{03E99A45-D9CB-4E22-BD2E-52AFA564A3CC}.Debug|x64.ActiveCfg = Debug|x64
		{03E99A45-D9CB-4E22-BD2E-52AFA564A3CC}.Debug|x64.Build.0 = Debug|x64
		{03E99A45-D9CB-4E22-BD2E-52AFA564A3CC}.Debug|x86.ActiveCfg = Debug|Win32
		{03E99A45-D9CB-4E22-BD2E-52AFA564A3CC}.Debug|x86.Build.0 = Debug|Win32
		{03E99A45-D9CB-4E22-BD2E-52AFA564A3CC}.Release|x64.ActiveCfg = Release|x64
		{03E99A45-D9CB-4E22-BD2E-52AFA564A3CC}.Release|x64.Build.0 = Release|x64
		{03E99A45-D9CB-4E22-BD2E-52AFA564A3CC}.Release|x86.ActiveCfg = Release|Win32
		{03E99A45-D9CB-4E22-BD2E-52AFA564A3CC}.Release|x86.Build.0 = Release|Win32
		{121ACF0F-34A0-4212-B72E-8370AF4B40F7}.Debug|x64.ActiveCfg = Debug|x64
		{121ACF0F-34A0-4212-B72E-8370AF4B40F7}.Debug|x64.Build.0 = Debug|x64
		{121ACF0F-34A0-4212-B72E-8370AF4B40F7}.Debug|x86.ActiveCfg = Debug|Win32
		{121ACF0F-34A0-4212-B72E-8370AF4B40F7}.Debug|x86.Build.0 = Debug|Win32
		{121ACF0F-34A0-4212-B72E-8370AF4B40F7}.Release|x64.ActiveCfg = Release|x64
		{121ACF0F-34A0-4212-B72E-8370AF4B40F7}.Release|x64.Build.0 = Release|x64
		{121ACF0F-34A0-4212-B72E-8370AF4B40F7}.Release|x86.ActiveCfg = Release|Win32
		{121ACF0F-34A0-4212-B72E-8370AF4B40F7}.Release|x86.Build.0 = Release|Win32
		{78B46A09-1077-4CFA-A136-42C265787A17}.Debug|x64.ActiveCfg = Debug|x64
		{78B46A09-1077-4CFA-A136-42C265787A17}.Debug|x64.Build.0 = Debug|x64
		{78B46A09-1077-4CFA-A136-42C265787A17}.Debug|x86.ActiveCfg = Debug|Win32
		{78B46A09-1077-4CFA-A136-42C265787A17}.Debug|x86.Build.0 = Debug|Win32
		{78B46A09-1077-4CFA-A136-42C265787A17}.Release|x64.ActiveCfg = Release|x64
		{78B46A09-1077-4CFA-A136-42C265787A17}.Release|x64.Build.0 = Release|x64
		{78B46A09-1077-4CFA-A136-42C265787A17}.Release|x86.ActiveCfg = Release|Win32
		{78B46A09-1077-4CFA-A136-42C265787A17}.Release|x86.Build.0 = Release|Win32
		{A6C06658-5803-4CFE-98C6-0878E050D174}.Debug|x64.ActiveCfg = Debug|x64
		{A6C06658-5803-4CFE-98C6-0878E050D174}.Debug|x64.Build.0 = Debug|x64
		{A6C06658-5803-4CFE-98C6-0878E050D174}.Debug|x86.ActiveCfg = Debug|Win32
		{A6C06658-5803-4CFE-98C6-0878E050D174}.Debug|x86.Build.0 = Debug|Win32
		{A6C06658-5803-4CFE-98C6-0878E050D174}.Release|x64.ActiveCfg = Release|x64
		{A6C06658-5803-4CFE-98C6-0878E050D174}.Release|x64.Build.0 = Release|x64
		{A6C06658-5803-4CFE-98C6-0878E050D174}.Release|x86.ActiveCfg = Release|Win32
		{A6C06658-5803-4CFE-98C6-0878E050D174}.Release|x86.Build.0 = Release|Win32
		{D06FCCC3-044B-4202-BD87-FE67AF93C97F}.Debug|x64.ActiveCfg = Debug|x64
		{D06FCCC3-044B-4202-BD87-FE67AF93C97F}.Debug|x64.Build.0 = Debug|x64
		{D06FCCC3-044B-4202-BD87-FE67AF93C97F}.Debug|x86.ActiveCfg = Debug|Win32
		{D06FCCC3-044B-4202-BD87-FE67AF93C97F}.Debug|x86.Build.0 = Debug|Win32
		{D06FCCC3-044B-4202-BD87-FE67AF93C97F}.Release|x64.ActiveCfg = Release|x64
		{D06FCCC3-044B-4202-BD87-FE67AF93C97F}.Release|x64.Build.0 = Release|x64
		{D06FCCC3-044B-4202-BD87-FE67AF93C97F}.Release|x86.ActiveCfg = Release|Win32
		{D06FCCC3-044B-4202-BD87-FE67AF93C97F}.Release|x86.Build.0 = Release|Win32
		{C4659907-B998-45D5-A286-010174097888}.Debug|x64.ActiveCfg = Debug|x64
		{C4659907-B998-45D5-A286-010174097888}.Debug|x64.Build.0 = Debug|x64
		{C4659907-B998-45D5-A286-010174097888}.Debug|x86.ActiveCfg = Debug|Win32
		{C4659907-B998-45D5-A286-010174097888}.Debug|x86.Build.0 = Debug|Win32
		{C4659907-B998-45D5-A286-010174097888}.Release|x64.ActiveCfg = Release|x64
		{C4659907-B998-45D5-A286-010174097888}.Release|x64.Build.0 = Release|x64
		{C4659907-B998-45D5-A286-010174097888}.Release|x86.ActiveCfg = Release|Win32
		{C4659907-B998-45D5-A286-010174097888}.Release|x86.Build.0 = Release|Win32
		{87475624-39CA-4946-ADD7-DEFE28E1787E}.Debug|x64.ActiveCfg = Debug|x64
		{87475624-39CA-4946-ADD7-DEFE28E1787E}.Debug|x64.Build.0 = Debug|x64
		{87475624-39CA-4946-ADD7-DEFE28E1787E}.Debug|x86.ActiveCfg = Debug|Win32
		{87475624-39CA-4946-ADD7-DEFE28E1787E}.Debug|x86.Build.0 = Debug|Win32
		{87475624-39CA-4946-ADD7-DEFE28E1787E}.Release|x64.ActiveCfg = Release|x64
		{87475624-39CA-4946-ADD7-DEFE28E1787E}.Release|x64.Build.0 = Release|x64
		{87475624-39CA-4946-ADD7-DEFE28E1787E}.Release|x86.ActiveCfg = Release|Win32
		{87475624-39CA-4946-ADD7-DEFE28E1787E}.Release|x86.Build.0 = Release|Win32
		{7A4C3E7F-1ECF-4A6C-9653-D1EE18BE7256}.Debug|x64.ActiveCfg = Debug|x64
		{7A4C3E7F-1ECF-4A6C-9653-D1EE18BE7256}.Debug|x64.Build.0 = Debug|x64
		{7A4C3E7F-1ECF-4A6C-9653-D1EE18BE7256}.Debug|x86.ActiveCfg = Debug|Win32
		{7A4C3E7F-1ECF-4A6C-9653-D1EE18BE7256}.Debug|x86.Build.0 = Debug|Win32
		{7A4C3E7F-1ECF-4A6C-9653-D1EE18BE7256}.Release|x64.ActiveCfg = Release|x64
		{7A4C3E7F-1ECF-4A6C-9653-D1EE18BE7256}.Release|x64.Build.0 = Release|x64
		{7A4C3E7F-1ECF-4A6C-9653-D1EE18BE7256}.Release|x86.ActiveCfg = Release|Win32
		{7A4C3E7F-1ECF-4A6C-9653-D1EE18BE7256}.Release|x86.Build.0 = Release|Win32
		{5B796D14-CB7D-47B1-BD0E-1DCE56E99B38}.Debug|x64.ActiveCfg = Debug|x64
		{5B796D14-CB7D-47B1-BD0E-1DCE56E99B38}.Debug|x64.Build.0 = Debug|x64
		{5B796D14-CB7D-47B1-BD0E-1DCE56E99B38}.Debug|x86.ActiveCfg = Debug|Win32
		{5B796D14-CB7D-47B1-BD0E-1DCE56E99B38}.Debug|x86.Build.0 = Debug|Win32
		{5B796D14-CB7D-47B1-BD0E-1DCE56E99B38}.Release|x64.ActiveCfg = Release|x64
		{5B796D14-CB7D-47B1-BD0E-1DCE56E99B38}.Release|x64.Build.0 = Release|x64
		{5B796D14-CB7D-47B1-BD0E-1DCE56E99B38}.Release|x86.ActiveCfg = Release|Win32
		{5B796D14-CB7D-47B1-BD0E-1DCE56E99B38}.Release|x86.Build.0 = Release|Win32
		{917993C9-1ECA-44CA-8F0B-1326AF90EBF1}.Debug|x64.ActiveCfg = Debug|x64
		{917993C9-1ECA-44CA-8F0B-1326AF90EBF1}.Debug|x64.Build.0 = Debug|x64
		{917993C9-1ECA-44CA-8F0B-1326AF90EBF1}.Debug|x86.ActiveCfg = Debug|Win32
		{917993C9-1ECA-44CA-8F0B-1326AF90EBF1}.Debug|x86.Build.0 = Debug|Win32
		{917993C9-1ECA-44CA-8F0B-1326AF90EBF1}.Release|x64.ActiveCfg = Release|x64
		{917993C9-1ECA-44CA-8F0B-1326AF90EBF1}.Release|x64.Build.0 = Release|x64
		{917993C9-1ECA-44CA-8F0B-1326AF90EBF1}.Release|x86.ActiveCfg = Release|Win32
		{917993C9-1ECA-44CA-8F0B-1326AF90EBF1}.Release|x86.Build.0 = Release|Win32
		{27CAA5D5-A918-4094-A5BA-0834B5873735}.Debug|x64.ActiveCfg = Debug|x64
		{27CAA5D5-A918-4094-A5BA-0834B5873735}.Debug|x64.Build.0 = Debug|x64
		{27CAA5D5-A918-4094-A5BA-0834B5873735}.Debug|x86.ActiveCfg = Debug|Win32
		{27CAA5D5-A918-4094-A5BA-0834B5873735}.Debug|x86.Build.0 = Debug|Win32
		{27CAA5D5-A918-4094-A5BA-0834B5873735}.Release|x64.ActiveCfg = Release|x64
		{27CAA5D5-A918-4094-A5BA-0834B5873735}.Release|x64.Build.0 = Release|x64
		{27CAA5D5-A918-4094-A5BA-0834B5873735}.Release|x86.ActiveCfg = Release|Win32
		{27CAA5D5-A918-4094-A5BA-0834B5873735}.Release|x86.Build.0 = Release|Win32
		{10F1191F-EF81-427B-BBDE-96C81D658B21}.Debug|x64.ActiveCfg = Debug|x64
		{10F1191F-EF81-427B-BBDE-96C81D658B21}.Debug|x64.Build.0 = Debug|x64
		{10F1191F-EF81-427B-BBDE-96C81D658B21}.Debug|x86.ActiveCfg = Debug|Win32
		{10F1191F-EF81-427B-BBDE-96C81D658B21}.Debug|x86.Build.0 = Debug|Win32
		{10F1191F-EF81-427B-BBDE-96C81D658B21}.Release|x64.ActiveCfg = Release|x64
		{10F1191F-EF81-427B-BBDE-96C81D658B21}.Release|x64.Build.0 = Release|x64
		{10F1191F-EF81-427B-BBDE-96C81D658B21}.Release|x86.ActiveCfg = Release|Win32
		{10F1191F-EF81-427B-BBDE-96C81D658B21}.Release|x86.Build.0 = Release|Win32
		{D63E8FC5-9F03-4097-BDBC-172363E97CE6}.Debug|x64.ActiveCfg = Debug|x64
		{D63E8FC5-9F03-4097-BDBC-172363E97CE6}.Debug|x64.Build.0 = Debug|x64
		{D63E8FC5-9F03-4097-BDBC-172363E97CE6}.Debug|x86.ActiveCfg = Debug|Win32
		{D63E8FC5-9F03-4097-BDBC-172363E97CE6}.Debug|x86.Build.0 = Debug|Win32
		{D63E8FC5-9F03-4097-BDBC-172363E97CE6}.Release|x64.ActiveCfg = Release|x64
		{D63E8FC5-9F03-4097-BDBC-172363E97CE6}.Release|x64.Build.0 = Release|x64
		{D63E8FC5-9F03-4097-BDBC-172363E97CE6}.Release|x86.ActiveCfg = Release|Win32
		{D63E8FC5-9F03-4097-BDBC-172363E97CE6}.Release|x86.Build.0 = Release|Win32
		{3AD1AFFC-0AA7-4313-AB76-2B061DFFD04A}.Debug|x64.ActiveCfg = Debug|x64
		{3AD1AFFC-0AA7-4313-AB76-2B061DFFD04A}.Debug|x64.Build.0 = Debug|x64
		{3AD1AFFC-0AA7-4313-AB76-2B061DFFD04A}.Debug|x86.ActiveCfg = Debug|Win32
		{3AD1AFFC-0AA7-4313-AB76-2B061DFFD04A}.Debug|x86.Build.0 = Debug|Win32
		{3AD1AFFC-0AA7-4313-AB76-2B061DFFD04A}.Release|x64.ActiveCfg = Release|x64
		{3AD1AFFC-0AA7-4313-AB76-2B061DFFD04A}.Release|x64.Build.0 = Release|x64
		{3AD1AFFC-0AA7-4313-AB76-2B061DFFD04A}.Release|x86.ActiveCfg = Release|Win32
		{3AD1AFFC-0AA7-4313-AB76-2B061DFFD04A}.Release|x86.Build.0 = Release|Win32
		{CEFC6AA9-5631-4519-AC44-BEF521CE441A}.Debug|x64.ActiveCfg = Debug|x64
		{CEFC6AA9-5631-4519-AC44-BEF521CE441A}.Debug|x64.Build.0 = Debug|x64
		{CEFC6AA9-5631-4519-AC44-BEF521CE441A}.Debug|x86.ActiveCfg = Debug|Win32
		{CEFC6AA9-5631-4519-AC44-BEF521CE441A}.Debug|x86.Build.0 = Debug|Win32
		{CEFC6AA9-5631-4519-AC44-BEF521CE441A}.Release|x64.ActiveCfg = Release|x64
		{CEFC6AA9-5631-4519-AC44-BEF521CE441A}.Release|x64.Build.0 = Release|x64
		{CEFC6AA9-5631-4519-AC44-BEF521CE441A}.Release|x86.ActiveCfg = Release|Win32
		{CEFC6AA9-5631-4519-AC44-BEF521CE441A}.Release|x86.Build.0 = Release|Win32
		{17BAC988-C459-487A-98A8-0467229A2112}.Debug|x64.ActiveCfg = Debug|x64
		{17BAC988-C459-487A-98A8-0467229A2112}.Debug|x64.Build.0 = Debug|x64
		{17BAC988-C459-487A-98A8-0467229A2112}.Debug|x86.ActiveCfg = Debug|Win32
		{17BAC988-C459-487A-98A8-0467229A2112}.Debug|x86.Build.0 = Debug|Win32
		{17BAC988-C459-487A-98A8-0467229A2112}.Release|x64.ActiveCfg = Release|x64
		{17BAC988-C459-487A-98A8-0467229A2112}.Release|x64.Build.0 = Release|x64
		{17BAC988-C459-487A-98A8-0467229A2112}.Release|x86.ActiveCfg = Release|Win32
		{17BAC988-C459-487A-98A8-0467229A2112}.Release|x86.Build.0 = Release|Win32
		{DE9CE21E-549A-4AF4-90C1-AC9E76BD8A63}.Debug|x64.ActiveCfg = Debug|x64
		{DE9CE21E-549A-4AF4-90C1-AC9E76BD8A63}.Debug|x64.Build.0 = Debug|x64
		{DE9CE21E-549A-4AF4-90C1-AC9E76BD8A63}.Debug|x86.ActiveCfg = Debug|Win32
		{DE9CE21E-549A-4AF4-90C1-AC9E76BD8A63}.Debug|x86.Build.0 = Debug|Win32
		{DE9CE21E-549A-4AF4-90C1-AC9E76BD8A63}.Release|x64.ActiveCfg = Release|x64
		{DE9CE21E-549A-4AF4-90C1-AC9E76BD8A63}.Release|x64.Build.0 = Release|x64
		{DE9CE21E-549A-4AF4-90C1-AC9E76BD8A63}.Release|x86.ActiveCfg = Release|Win32
		{DE9CE21E-549A-4AF4-90C1-AC9E76BD8A63}.Release|x86.Build.0 = Release|Win32
		{7EE75E93-A8DB-4737-9C15-EEA1AF26645F}.Debug|x64.ActiveCfg = Debug|x64
		{7EE75E93-A8DB-4737-9C15-EEA1AF26645F}.Debug|x64.Build.0 = Debug|x64
		{7EE75E93-A8DB-4737-9C15-EEA1AF26645F}.Debug|x86.ActiveCfg = Debug|Win32
		{7EE75E93-A8DB-4737-9C15-EEA1AF26645F}.Debug|x86.Build.0 = Debug|Win32
		{7EE75E93-A8DB-4737-9C15-EEA1AF26645F}.Release|x64.ActiveCfg = Release|x64
		{7EE75E93-A8DB-4737-9C15-EEA1AF26645F}.Release|x64.Build.0 = Release|x64
		{7EE75E93-A8DB-4737-9C15-EEA1AF26645F}.Release|x86.ActiveCfg = Release|Win32
		{7EE75E93-A8DB-4737-9C15-EEA1AF26645F}.Release|x86.Build.0 = Release|Win32
		{15551E5B-94E8-4A67-AC6B-0E08184A095E}.Debug|x64.ActiveCfg = Debug|x64
		{15551E5B-94E8-4A67-AC6B-0E08184A095E}.Debug|x64.Build.0 = Debug|x64
		{15551E5B-94E8-4A67-AC6B-0E08184A095E}.Debug|x86.ActiveCfg = Debug|Win32
		{15551E5B-94E8-4A67-AC6B-0E08184A095E}.Debug|x86.Build.0 = Debug|Win32
		{15551E5B-94E8-4A67-AC6B-0E08184A095E}.Release|x64.ActiveCfg = Release|x64
		{15551E5B-94E8-4A67-AC6B-0E08184A095E}.Release|x64.Build.0 = Release|x64
		{15551E5B-94E8-4A67-AC6B-0E08184A095E}.Release|x86.ActiveCfg = Release|Win32
		{15551E5B-94E8-4A67-AC6B-0E08184A095E}.Release|x86.Build.0 = Release|Win32
		{A63B83B4-4824-4457-81B6-CEA3903960FF}.Debug|x64.ActiveCfg = Debug|x64
		{A63B83B4-4824-4457-81B6-CEA3903960FF}.Debug|x64.Build.0 = Debug|x64
		{A63B83B4-4824-4457-81B6-CEA3903960FF}.Debug|x86.ActiveCfg = Debug|Win32
		{A63B83B4-4824-4457-81B6-CEA3903960FF}.Debug|x86.Build.0 = Debug|Win32
		{A63B83B4-4824-4457-81B6-CEA3903960FF}.Release|x64.ActiveCfg = Release|x64
		{A63B83B4-4824-4457-81B6-CEA3903960FF}.Release|x64.Build.0 = Release|x64
		{A63B83B4-4824-4457-81B6-CEA3903960FF}.Release|x86.ActiveCfg = Release|Win32
		{A63B83B4-4824-4457-81B6-CEA3903960FF}.Release|x86.Build.0 = Release|Win32
		{49683CBF-A102-4A1F-8506-0495DD74F7BF}.Debug|x64.ActiveCfg = Debug|x64
		{49683CBF-A102-4A1F-8506-0495DD74F7BF}.Debug|x64.Build.0 = Debug|x64
		{49683CBF-A102-4A1F-8506-0495DD74F7BF}.Debug|x86.ActiveCfg = Debug|Win32
		{49683CBF-A102-4A1F-8506-0495DD74F7BF}.Debug|x86.Build.0 = Debug|Win32
		{49683CBF-A102-4A1F-8506-0495DD74F7BF}.Release|x64.ActiveCfg = Release|x64
		{49683CBF-A102-4A1F-8506-0495DD74F7BF}.Release|x64.Build.0 = Release|x64
		{49683CBF-A102-4A1F-8506-0495DD74F7BF}.Release|x86.ActiveCfg = Release|Win32
		{49683CBF-A102-4A1F-8506-0495DD74F7BF}.Release|x86.Build.0 = Release|Win32
		{9EEED849-34AC-4358-8AF2-728AE41332D4}.Debug|x64.ActiveCfg = Debug|x64
		{9EEED849-34AC-4358-8AF2-728AE41332D4}.Debug|x64.Build.0 = Debug|x64
		{9EEED849-34AC-4358-8AF2-728AE41332D4}.Debug|x86.ActiveCfg = Debug|Win32
		{9EEED849-34AC-4358-8AF2-728AE41332D4}.Debug|x86.Build.0 = Debug|Win32
		{9EEED849-34AC-4358-8AF2-728AE41332D4}.Release|x64.ActiveCfg = Release|x64
		{9EEED849-34AC-4358-8AF2-728AE41332D4}.Release|x64.Build.0 = Release|x64
		{9EEED849-34AC-4358-8AF2-728AE41332D4}.Release|x86.ActiveCfg = Release|Win32
		{9EEED849-34AC-4358-8AF2-728AE41332D4}.Release|x86.Build.0 = Release|Win32
		{3F2E1605-1642-4DED-BBA6-1B087AC2C927}.Debug|x64.ActiveCfg = Debug|x64
		{3F2E1605-1642-4DED-BBA6-1B087AC2C927}.Debug|x64.Build.0 = Debug|x64
		{3F2E1605-1642-4DED-BBA6-1B087AC2C927}.Debug|x86.ActiveCfg = Debug|Win32
		{3F2E1605-1642-4DED-BBA6-1B087AC2C927}.Debug|x86.Build.0 = Debug|Win32
		{3F2E1605-1642-4DED-BBA6-1B087AC2C927}.Release|x64.ActiveCfg = Release|x64
		{3F2E1605-1642-4DED-BBA6-1B087AC2C927}.Release|x64.Build.0 = Release|x64
		{3F2E1605-1642-4DED-BBA6-1B087AC2C927}.Release|x86.ActiveCfg = Release|Win32
		{3F2E1605-1642-4DED-BBA6-1B087AC2C927}.Release|x86.Build.0 = Release|Win32
		{6891AD59-E0BC-4A23-8C9B-1423C6F972CC}.Debug|x64.ActiveCfg = Debug|x64
		{6891AD59-E0BC-4A23-8C9B-1423C6F972CC}.Debug|x64.Build.0 = Debug|x64
		{6891AD59-E0BC-4A23-8C9B-1423C6F972CC}.Debug|x86.ActiveCfg = Debug|Win32
		{6891AD59-E0BC-4A23-8C9B-1423C6F972CC}.Debug|x86.Build.0 = Debug|Win32
		{6891AD59-E0BC-4A23-8C9B-1423C6F972CC}.Release|x64.ActiveCfg = Release|x64
		{6891AD59-E0BC-4A23-8C9B-1423C6F972CC}.Release|x64.Build.0 = Release|x64
		{6891AD59-E0BC-4A23-8C9B-1423C6F972CC}.Release|x86.ActiveCfg = Release|Win32
		{6891AD59-E0BC-4A23-8C9B-1423C6F972CC}.Release|x86.Build.0 = Release|Win32
		{96B7759C-7C32-4D17-9C66-32F9D329D043}.Debug|x64.ActiveCfg = Debug|x64
		{96B7759C-7C32-4D17-9C66-32F9D329D043}.Debug|x64.Build.0 = Debug|x64
		{96B7759C-7C32-4D17-9C66-32F9D329D043}.Debug|x86.ActiveCfg = Debug|Win32
		{96B7759C-7C32-4D17-9C66-32F9D329D043}.Debug|x86.Build.0 = Debug|Win32
		{96B7759C-7C32-4D17-9C66-32F9D329D043}.Release|x64.ActiveCfg = Release|x64
		{96B7759C-7C32-4D17-9C66-32F9D329D043}.Release|x64.Build.0 = Release|x64
		{96B7759C-7C32-4D17-9C66-32F9D329D043}.Release|x86.ActiveCfg = Release|Win32
		{96B7759C-7C32-4D17-9C66-32F9D329D043}.Release|x86.Build.0 = Release|Win32
		{7B244194-AE40-4808-8C27-9E5E8E042E95}.Debug|x64.ActiveCfg = Debug|x64
		{7B244194-AE40-4808-8C27-9E5E8E042E95}.Debug|x64.Build.0 = Debug|x64
		{7B244194-AE40-4808-8C27-9E5E8E042E95}.Debug|x86.ActiveCfg = Debug|Win32
		{7B244194-AE40-4808-8C27-9E5E8E042E95}.Debug|x86.Build.0 = Debug|Win32
		{7B244194-AE40-4808-8C27-9E5E8E042E95}.Release|x64.ActiveCfg = Release|x64
		{7B244194-AE40-4808-8C27-9E5E8E042E95}.Release|x64.Build.0 = Release|x64
		{7B244194-AE40-4808-8C27-9E5E8E042E95}.Release|x86.ActiveCfg = Release|Win32
		{7B244194-AE40-4808-8C27-9E5E8E042E95}.Release|x86.Build.0 = Release|Win32
		{10A6C2B5-8ADE-493E-9D65-956ECBAF9ABA}.Debug|x64.ActiveCfg = Debug|x64
		{10A6C2B5-8ADE-493E-9D65-956ECBAF9ABA}.Debug|x64.Build.0 = Debug|x64
		{10A6C2B5-8ADE-493E-9D65-956ECBAF9ABA}.Debug|x86.ActiveCfg = Debug|Win32
		{10A6C2B5-8ADE-493E-9D65-956ECBAF9ABA}.Debug|x86.Build.0 = Debug|Win32
		{10A6C2B5-8ADE-493E-9D65-956ECBAF9ABA}.Release|x64.ActiveCfg = Release|x64
		{10A6C2B5-8ADE-493E-9D65-956ECBAF9ABA}.Release|x64.Build.0 = Release|x64
		{10A6C2B5-8ADE-493E-9D65-956ECBAF9ABA}.Release|x86.ActiveCfg = Release|Win32
		{10A6C2B5-8ADE-493E-9D65-956ECBAF9ABA}.Release|x86.Build.0 = Release|Win32
		{9C0D1F4B-7645-42FE-9F00-D9715BC6FB3A}.Debug|x64.ActiveCfg = Debug|x64
		{9C0D1F4B-7645-42FE-9F00-D9715BC6FB3A}.Debug|x64.Build.0 = Debug|x64
		{9C0D1F4B-7645-42FE-9F00-D9715BC6FB3A}.Debug|x86.ActiveCfg = Debug|Win32
		{9C0D1F4B-7645-42FE-9F00-D9715BC6FB3A}.Debug|x86.Build.0 = Debug|Win32
		{9C0D1F4B-7645-42FE-9F00-D9715BC6FB3A}.Release|x64.ActiveCfg = Release|x64
		{9C0D1F4B-7645-42FE-9F00-D9715BC6FB3A}.Release|x64.Build.0 = Release|x64
		{9C0D1F4B-7645-42FE-9F00-D9715BC6FB3A}.Release|x86.ActiveCfg = Release|Win32
		{9C0D1F4B-7645-42FE-9F00-D9715BC6FB3A}.Release|x86.Build.0 = Release|Win32
		{35D8960A-139E-42BF-ABA7-A3F7E99FA09D}.Debug|x64.ActiveCfg = Debug|x64
		{35D8960A-139E-42BF-ABA7-A3F7E99FA09D}.Debug|x64.Build.0 = Debug|x64
		{35D8960A-139E-42BF-ABA7-A3F7E99FA09D}.Debug|x86.ActiveCfg = Debug|Win32
		{35D8960A-139E-42BF-ABA7-A3F7E99FA09D}.Debug|x86.Build.0 = Debug|Win32
		{35D8960A-139E-42BF-ABA7-A3F7E99FA09D}.Release|x64.ActiveCfg = Release|x64
		{35D8960A-139E-42BF-ABA7-A3F7E99FA09D}.Release|x64.Build.0 = Release|x64
		{35D8960A-139E-42BF-ABA7-A3F7E99FA09D}.Release|x86.ActiveCfg = Release|Win32
		{35D8960A-139E-42BF-ABA7-A3F7E99FA09D}.Release|x86.Build.0 = Release|Win32
		{ECA1BB3E-63BF-4BE5-9C9E-F640CA4B2994}.Debug|x64.ActiveCfg = Debug|x64
		{ECA1BB3E-63BF-4BE5-9C9E-F640CA4B2994}.Debug|x64.Build.0 = Debug|x64
		{ECA1BB3E-63BF-4BE5-9C9E-F640CA4B2994}.Debug|x86.ActiveCfg = Debug|Win32
		{ECA1BB3E-63BF-4BE5-9C9E-F640CA4B2994}.Debug|x86.Build.0 = Debug|Win32
		{ECA1BB3E-63BF-4BE5-9C9E-F640CA4B2994}.Release|x64.ActiveCfg = Release|x64
		{ECA1BB3E-63BF-4BE5-9C9E-F640CA4B2994}.Release|x64.Build.0 = Release|x64
		{ECA1BB3E-63BF-4BE5-9C9E-F640CA4B2994}.Release|x86.ActiveCfg = Release|Win32
		{ECA1BB3E-63BF-4BE5-9C9E-F640CA4B2994}.Release|x86.Build.0 = Release|Win32
		{564F820A-5C93-45E4-9B7E-FEC517B3DB24}.Debug|x64.ActiveCfg = Debug|x64
		{564F820A-5C93-45E4-9B7E-FEC517B3DB24}.Debug|x64.Build.0 = Debug|x64
		{564F820A-5C93-45E4-9B7E-FEC517B3DB24}.Debug|x86.ActiveCfg = Debug|Win32
		{564F820A-5C93-45E4-9B7E-FEC517B3DB24}.Debug|x86.Build.0 = Debug|Win32
		{564F820A-5C93-45E4-9B7E-FEC517B3DB24}.Release|x64.ActiveCfg = Release|x64
		{564F820A-5C93-45E4-9B7E-FEC517B3DB24}.Release|x64.Build.0 = Release|x64
		{564F820A-5C93-45E4-9B7E-FEC517B3DB24}.Release|x86.ActiveCfg = Release|Win32
		{564F820A-5C93-45E4-9B7E-FEC517B3DB24}.Release|x86.Build.0 = Release|Win32
		{1A8060A6-7BDE-4FD8-89B1-F00336112DED}.Debug|x64.ActiveCfg = Debug|x64
		{1A8060A6-7BDE-4FD8-89B1-F00336112DED}.Debug|x64.Build.0 = Debug|x64
		{1A8060A6-7BDE-4FD8-89B1-F00336112DED}.Debug|x86.ActiveCfg = Debug|Win32
		{1A8060A6-7BDE-4FD8-89B1-F00336112DED}.Debug|x86.Build.0 = Debug|Win32
		{1A8060A6-7BDE-4FD8-89B1-F00336112DED}.Release|x64.ActiveCfg = Release|x64
		{1A8060A6-7BDE-4FD8-89B1-F00336112DED}.Release|x64.Build.0 = Release|x64
		{1A8060A6-7BDE-4FD8-89B1-F00336112DED}.Release|x86.ActiveCfg = Release|Win32
		{1A8060A6-7BDE-4FD8-89B1-F00336112DED}.Release|x86.Build.0 = Release|Win32
		{D3CEEE31-CE86-4FDD-8912-C6238BC57F9E}.Debug|x64.ActiveCfg = Debug|x64
		{D3CEEE31-CE86-4FDD-8912-C6238BC57F9E}.Debug|x64.Build.0 = Debug|x64
		{D3CEEE31-CE86-4FDD-8912-C6238BC57F9E}.Debug|x86.ActiveCfg = Debug|Win32
		{D3CEEE31-CE86-4FDD-8912-C6238BC57F9E}.Debug|x86.Build.0 = Debug|Win32
		{D3CEEE31-CE86-4FDD-8912-C6238BC57F9E}.Release|x64.ActiveCfg = Release|x64
		{D3CEEE31-CE86-4FDD-8912-C6238BC57F9E}.Release|x64.Build.0 = Release|x64
		{D3CEEE31-CE86-4FDD-8912-C6238BC57F9E}.Release|x86.ActiveCfg = Release|Win32
		{D3CEEE31-CE86-4FDD-8912-C6238BC57F9E}.Release|x86.Build.0 = Release|Win32
		{8753A263-BD5C-4952-8D27-542225760C8E}.Debug|x64.ActiveCfg = Debug|x64
		{8753A263-BD5C-4952-8D27-542225760C8E}.Debug|x64.Build.0 = Debug|x64
		{8753A263-BD5C-4952-8D27-542225760C8E}.Debug|x86.ActiveCfg = Debug|Win32
		{8753A263-BD5C-4952-8D27-542225760C8E}.Debug|x86.Build.0 = Debug|Win32
		{8753A263-BD5C-4952-8D27-542225760C8E}.Release|x64.ActiveCfg = Release|x64
		{8753A263-BD5C-4952-8D27-542225760C8E}.Release|x64.Build.0 = Release|x64
		{8753A263-BD5C-4952-8D27-542225760C8E}.Release|x86.ActiveCfg = Release|Win32
		{8753A263-BD5C-4952-8D27-542225760C8E}.Release|x86.Build.0 = Release|Win32
		{29AA8142-AE0A-484B-AFDC-E0D777E754DD}.Debug|x64.ActiveCfg = Debug|x64
		{29AA8142-AE0A-484B-AFDC-E0D777E754DD}.Debug|x64.Build.0 = Debug|x64
		{29AA8142-AE0A-484B-AFDC-E0D777E754DD}.Debug|x86.ActiveCfg = Debug|Win32
		{29AA8142-AE0A-484B-AFDC-E0D777E754DD}.Debug|x86.Build.0 = Debug|Win32
		{29AA8142-AE0A-484B-AFDC-E0D777E754DD}.Release|x64.ActiveCfg = Release|x64
		{29AA8142-AE0A-484B-AFDC-E0D777E754DD}.Release|x64.Build.0 = Release|x64
		{29AA8142-AE0A-484B-AFDC-E0D777E754DD}.Release|x86.ActiveCfg = Release|Win32
		{29AA8142-AE0A-484B-AFDC-E0D777E754DD}.Release|x86.Build.0 = Release|Win32
		{5CB0AF4B-0D0C-4F98-8787-CA88F3C82D31}.Debug|x64.ActiveCfg = Debug|x64
		{5CB0AF4B-0D0C-4F98-8787-CA88F3C82D31}.Debug|x64.Build.0 = Debug|x64
		{5CB0AF4B-0D0C-4F98-8787-CA88F3C82D31}.Debug|x86.ActiveCfg = Debug|Win32
		{5CB0AF4B-0D0C-4F98-8787-CA88F3C82D31}.Debug|x86.Build.0 = Debug|Win32
		{5CB0AF4B-0D0C-4F98-8787-CA88F3C82D31}.Release|x64.ActiveCfg = Release|x64
		{5CB0AF4B-0D0C-4F98-8787-CA88F3C82D31}.Release|x64.Build.0 = Release|x64
		{5CB0AF4B-0D0C-4F98-8787-CA88F3C82D31}.Release|x86.ActiveCfg = Release|Win32
		{5CB0AF4B-0D0C-4F98-8787-CA88F3C82D31}.Release|x86.Build.0 = Release|Win32
		{E87BB68E-E839-4C72-9909-8A08F37F6948}.Debug|x64.ActiveCfg = Debug|x64
		{E87BB68E-E839-4C72-9909-8A08F37F6948}.Debug|x64.Build.0 = Debug|x64
		{E87BB68E-E839-4C72-9909-8A08F37F6948}.Debug|x86.ActiveCfg = Debug|Win32
		{E87BB68E-E839-4C72-9909-8A08F37F6948}.Debug|x86.Build.0 = Debug|Win32
		{E87BB68E-E839-4C72-9909-8A08F37F6948}.Release|x64.ActiveCfg = Release|x64
		{E87BB68E-E839-4C72-9909-8A08F37F6948}.Release|x64.Build.0 = Release|x64
		{E87BB68E-E839-4C72-9909-8A08F37F6948}.Release|x86.ActiveCfg = Release|Win32
		{E87BB68E-E839-4C72-9909-8A08F37F6948}.Release|x86.Build.0 = Release|Win32
		{DEA57D52-734F-43F4-9FC0-173439AC2E08}.Debug|x64.ActiveCfg = Debug|x64
		{DEA57D52-734F-43F4-9FC0-173439AC2E08}.Debug|x64.Build.0 = Debug|x64
		{DEA57D52-734F-43F4-9FC0-173439AC2E08}.Debug|x86.ActiveCfg = Debug|Win32
		{DEA57D52-734F-43F4-9FC0-173439AC2E08}.Debug|x86.Build.0 = Debug|Win32
		{DEA57D52-734F-43F4-9FC0-173439AC2E08}.Release|x64.ActiveCfg = Release|x64
		{DEA57D52-734F-43F4-9FC0-173439AC2E08}.Release|x64.Build.0 = Release|x64
		{DEA57D52-734F-43F4-9FC0-173439AC2E08}.Release|x86.ActiveCfg = Release|Win32
		{DEA57D52-734F-43F4-9FC0-173439AC2E08}.Release|x86.Build.0 = Release|Win32
		{AFFCF295-33B4-4BCD-BB7B-2B233FEDD789}.Debug|x64.ActiveCfg = Debug|x64
		{AFFCF295-33B4-4BCD-BB7B-2B233FEDD789}.Debug|x64.Build.0 = Debug|x64
		{AFFCF295-33B4-4BCD-BB7B-2B233FEDD789}.Debug|x86.ActiveCfg = Debug|Win32
		{AFFCF295-33B4-4BCD-BB7B-2B233FEDD789}.Debug|x86.Build.0 = Debug|Win32
		{AFFCF295-33B4-4BCD-BB7B-2B233FEDD789}.Release|x64.ActiveCfg = Release|x64
		{AFFCF295-33B4-4BCD-BB7B-2B233FEDD789}.Release|x64.Build.0 = Release|x64
		{AFFCF295-33B4-4BCD-BB7B-2B233FEDD789}.Release|x86.ActiveCfg = Release|Win32
		{AFFCF295-33B4-4BCD-BB7B-2B233FEDD789}.Release|x86.Build.0 = Release|Win32
		{E2F4B5D2-D41B-4A83-8A08-257E3BE008C1}.Debug|x64.ActiveCfg = Debug|x64
		{E2F4B5D2-D41B-4A83-8A08-257E3BE008C1}.Debug|x64.Build.0 = Debug|x64
		{E2F4B5D2-D41B-4A83-8A08-257E3BE008C1}.Debug|x86.ActiveCfg = Debug|Win32
		{E2F4B5D2-D41B-4A83-8A08-257E3BE008C1}.Debug|x86.Build.0 = Debug|Win32
		{E2F4B5D2-D41B-4A83-8A08-257E3BE008C1}.Release|x64.ActiveCfg = Release|x64
		{E2F4B5D2-D41B-4A83-8A08-257E3BE008C1}.Release|x64.Build.0 = Release|x64
		{E2F4B5D2-D41B-4A83-8A08-257E3BE008C1}.Release|x86.ActiveCfg = Release|Win32
		{E2F4B5D2-D41B-4A83-8A08-257E3BE008C1}.Release|x86.Build.0 = Release|Win32
		{9668D8CF-EB23-486B-8C6C-F4DE2E7C6BCB}.Debug|x64.ActiveCfg = Debug|x64
		{9668D8CF-EB23-486B-8C6C-F4DE2E7C6BCB}.Debug|x64.Build.0 = Debug|x64
		{9668D8CF-EB23-486B-8C6C-F4DE2E7C6BCB}.Debug|x86.ActiveCfg = Debug|Win32
		{9668D8CF-EB23-486B-8C6C-F4DE2E7C6BCB}.Debug|x86.Build.0 = Debug|Win32
		{9668D8CF-EB23-486B-8C6C-F4DE2E7C6BCB}.Release|x64.ActiveCfg = Release|x64
		{9668D8CF-EB23-486B-8C6C-F4DE2E7C6BCB}.Release|x64.Build.0 = Release|x64
		{9668D8CF-EB23-486B-8C6C-F4DE2E7C6BCB}.Release|x86.ActiveCfg = Release|Win32
		{9668D8CF-EB23-486B-8C6C-F4DE2E7C6BCB}.Release|x86.Build.0 = Release|Win32
		{056D17CD-4541-4DA0-A770-89C9AEB77AF3}.Debug|x64.ActiveCfg = Debug|x64
		{056D17CD-4541-4DA0-A770-89C9AEB77AF3}.Debug|x64.Build.0 = Debug|x64
		{056D17CD-4541-4DA0-A770-89C9AEB77AF3}.Debug|x86.ActiveCfg = Debug|Win32
		{056D17CD-4541-4DA0-A770-89C9AEB77AF3}.Debug|x86.Build.0 = Debug|Win32
		{056D17CD-4541-4DA0-A770-89C9AEB77AF3}.Release|x64.ActiveCfg = Release|x64
		{056D17CD-4541-4DA0-A770-89C9AEB77AF3}.Release|x64.Build.0 = Release|x64
		{056D17CD-4541-4DA0-A770-89C9AEB77AF3}.Release|x86.ActiveCfg = Release|Win32
		{056D17CD-4541-4DA0-A770-89C9AEB77AF3}.Release|x86.Build.0 = Release|Win32
		{2A4F0361-942B-48BD-B36E-CCE31FC3435E}.Debug|x64.ActiveCfg = Debug|x64
		{2A4F0361-942B-48BD-B36E-CCE31FC3435E}.Debug|x64.Build.0 = Debug|x64
		{2A4F0361-942B-48BD-B36E-CCE31FC3435E}.Debug|x86.ActiveCfg = Debug|Win32
		{2A4F0361-942B-48BD-B36E-CCE31FC3435E}.Debug|x86.Build.0 = Debug|Win32
		{2A4F0361-942B-48BD-B36E-CCE31FC3435E}.Release|x64.ActiveCfg = Release|x64
		{2A4F0361-942B-48BD-B36E-CCE31FC3435E}.Release|x64.Build.0 = Release|x64
		{2A4F0361-942B-48BD-B36E-CCE31FC3435E}.Release|x86.ActiveCfg = Release|Win32
		{2A4F0361-942B-48BD-B36E-CCE31FC3435E}.Release|x86.Build.0 = Release|Win32
		{1E31F671-0134-4195-88F1-DF7E0FB16F3C}.Debug|x64.ActiveCfg = Debug|x64
		{1E31F671-0134-4195-88F1-DF7E0FB16F3C}.Debug|x64.Build.0 = Debug|x64
		{1E31F671-0134-4195-88F1-DF7E0FB16F3C}.Debug|x86.ActiveCfg = Debug|Win32
		{1E31F671-0134-4195-88F1-DF7E0FB16F3C}.Debug|x86.Build.0 = Debug|Win32
		{1E31F671-0134-4195-88F1-DF7E0FB16F3C}.Release|x64.ActiveCfg = Release|x64
		{1E31F671-0134-4195-88F1-DF7E0FB16F3C}.Release|x64.Build.0 = Release|x64
		{1E31F671-0134-4195-88F1-DF7E0FB16F3C}.Release|x86.ActiveCfg = Release|Win32
		{1E31F671-0134-4195-88F1-DF7E0FB16F3C}.Release|x86.Build.0 = Release|Win32
		{56A51B6C-69B8-411D-B2F1-ED6D77D81FC5}.Debug|x64.ActiveCfg = Debug|x64
		{56A51B6C-69B8-411D-B2F1-ED6D77D81FC5}.Debug|x64.Build.0 = Debug|x64
		{56A51B6C-69B8-411D-B2F1-ED6D77D81FC5}.Debug|x86.ActiveCfg = Debug|Win32
		{56A51B6C-69B8-411D-B2F1-ED6D77D81FC5}.Debug|x86.Build.0 = Debug|Win32
		{56A51B6C-69B8-411D-B2F1-ED6D77D81FC5}.Release|x64.ActiveCfg = Release|x64
		{56A51B6C-69B8-411D-B2F1-ED6D77D81FC5}.Release|x64.Build.0 = Release|x64
		{56A51B6C-69B8-411D-B2F1-ED6D77D81FC5}.Release|x86.ActiveCfg = Release|Win32
		{56A51B6C-69B8-411D-B2F1-ED6D77D81FC5}.Release|x86.Build.0 = Release|Win32
		{CC8DD229-9A7A-4D3B-A343-E71ECB221EAC}.Debug|x64.ActiveCfg = Debug|x64
		{CC8DD229-9A7A-4D3B-A343-E71ECB221EAC}.Debug|x64.Build.0 = Debug|x64
		{CC8DD229-9A7A-4D3B-A343-E71ECB221EAC}.Debug|x86.ActiveCfg = Debug|Win32
		{CC8DD229-9A7A-4D3B-A343-E71ECB221EAC}.Debug|x86.Build.0 = Debug|Win32
		{CC8DD229-9A7A-4D3B-A343-E71ECB221EAC}.Release|x64.ActiveCfg = Release|x64
		{CC8DD229-9A7A-4D3B-A343-E71ECB221EAC}.Release|x64.Build.0 = Release|x64
		{CC8DD229-9A7A-4D3B-A343-E71ECB221EAC}.Release|x86.ActiveCfg = Release|Win32
		{CC8DD229-9A7A-4D3B-A343-E71ECB221EAC}.Release|x86.Build.0 = Release|Win32
		{4A54F116-C163-4BD4-968D-A6A3B4F0A05F}.Debug|x64.ActiveCfg = Debug|x64
		{4A54F116-C163-4BD4-968D-A6A3B4F0A05F}.Debug|x64.Build.0 = Debug|x64
		{4A54F116-C163-4BD4-968D-A6A3B4F0A05F}.Debug|x86.ActiveCfg = Debug|Win32
		{4A54F116-C163-4BD4-968D-A6A3B4F0A05F}.Debug|x86.Build.0 = Debug|Win32
		{4A54F116-C163-4BD4-968D-A6A3B4F0A05F}.Release|x64.ActiveCfg = Release|x64
		{4A54F116-C163-4BD4-968D-A6A3B4F0A05F}.Release|x64.Build.0 = Release|x64
		{4A54F116-C163-4BD4-968D-A6A3B4F0A05F}.Release|x86.ActiveCfg = Release|Win32
		{4A54F116-C163-4BD4-968D-A6A3B4F0A05F}.Release|x86.Build.0 = Release|Win32
		{BF664405-0E02-489B-AEF6-42DCA51FD666}.Debug|x64.ActiveCfg = Debug|x64
		{BF664405-0E02-489B-AEF6-42DCA51FD666}.Debug|x64.Build.0 = Debug|x64
		{BF664405-0E02-489B-AEF6-42DCA51FD666}.Debug|x86.ActiveCfg = Debug|Win32
		{BF664405-0E02-489B-AEF6-42DCA51FD666}.Debug|x86.Build.0 = Debug|Win32
		{BF664405-0E02-489B-AEF6-42DCA51FD666}.Release|x64.ActiveCfg = Release|x64
		{BF664405-0E02-489B-AEF6-42DCA51FD666}.Release|x64.Build.0 = Release|x64
		{BF664405-0E02-489B-AEF6-42DCA51FD666}.Release|x86.ActiveCfg = Release|Win32
		{BF664405-0E02-489B-AEF6-42DCA51FD666}.Release|x86.Build.0 = Release|Win32
		{74291B33-CDE5-48C6-9FCD-094555A45C5F}.Debug|x64.ActiveCfg = Debug|x64
		{74291B33-CDE5-48C6-9FCD-094555A45C5F}.Debug|x64.Build.0 = Debug|x64
		{74291B33-CDE5-48C6-9FCD-094555A45C5F}.Debug|x86.ActiveCfg = Debug|Win32
		{74291B33-CDE5-48C6-9FCD-094555A45C5F}.Debug|x86.Build.0 = Debug|Win32
		{74291B33-CDE5-48C6-9FCD-094555A45C5F}.Release|x64.ActiveCfg = Release|x64
		{74291B33-CDE5-48C6-9FCD-094555A45C5F}.Release|x64.Build.0 = Release|x64
		{74291B33-CDE5-48C6-9FCD-094555A45C5F}.Release|x86.ActiveCfg = Release|Win32
		{74291B33-CDE5-48C6-9FCD-094555A45C5F}.Release|x86.Build.0 = Release|Win32
		{C38E7DC3-1BCD-4128-B471-21C30589A4F1}.Debug|x64.ActiveCfg = Debug|x64
		{C38E7DC3-1BCD-4128-B471-21C30589A4F1}.Debug|x64.Build.0 = Debug|x64
		{C38E7DC3-1BCD-4128-B471-21C30589A4F1}.Debug|x86.ActiveCfg = Debug|Win32
		{C38E7DC3-1BCD-4128-B471-21C30589A4F1}.Debug|x86.Build.0 = Debug|Win32
		{C38E7DC3-1BCD-4128-B471-21C30589A4F1}.Release|x64.ActiveCfg = Release|x64
		{C38E7DC3-1BCD-4128-B471-21C30589A4F1}.Release|x64.Build.0 = Release|x64
		{C38E7DC3-1BCD-4128-B471-21C30589A4F1}.Release|x86.ActiveCfg = Release|Win32
		{C38E7DC3-1BCD-4128-B471-21C30589A4F1}.Release|x86.Build.0 = Release|Win32
		{343AC87B-1088-4FDA-9E97-12FC7613D0D8}.Debug|x64.ActiveCfg = Debug|x64
		{343AC87B-1088-4FDA-9E97-12FC7613D0D8}.Debug|x64.Build.0 = Debug|x64
		{343AC87B-1088-4FDA-9E97-12FC7613D0D8}.Debug|x86.ActiveCfg = Debug|Win32
		{343AC87B-1088-4FDA-9E97-12FC7613D0D8}.Debug|x86.Build.0 = Debug|Win32
		{343AC87B-1088-4FDA-9E97-12FC7613D0D8}.Release|x64.ActiveCfg = Release|x64
		{343AC87B-1088-4FDA-9E97-12FC7613D0D8}.Release|x64.Build.0 = Release|x64
		{343AC87B-1088-4FDA-9E97-12FC7613D0D8}.Release|x86.ActiveCfg = Release|Win32
		{343AC87B-1088-4FDA-9E97-12FC7613D0D8}.Release|x86.Build.0 = Release|Win32
		{66D034F3-A2CB-402E-B694-D3319A35CC7E}.Debug|x64.ActiveCfg = Debug|x64
		{66D034F3-A2CB-402E-B694-D3319A35CC7E}.Debug|x64.Build.0 = Debug|x64
		{66D034F3-A2CB-402E-B694-D3319A35CC7E}.Debug|x86.ActiveCfg = Debug|Win32
		{66D034F3-A2CB-402E-B694-D3319A35CC7E}.Debug|x86.Build.0 = Debug|Win32
		{66D034F3-A2CB-402E-B694-D3319A35CC7E}.Release|x64.ActiveCfg = Release|x64
		{66D034F3-A2CB-402E-B694-D3319A35CC7E}.Release|x64.Build.0 = Release|x64
		{66D034F3-A2CB-402E-B694-D3319A35CC7E}.Release|x86.ActiveCfg = Release|Win32
		{66D034F3-A2CB-402E-B694-D3319A35CC7E}.Release|x86.Build.0 = Release|Win32
		{BF4E07F2-0B31-48C4-A7A0-D9CB554BABAD}.Debug|x64.ActiveCfg = Debug|x64
		{BF4E07F2-0B31-48C4-A7A0-D9CB554BABAD}.Debug|x64.Build.0 = Debug|x64
		{BF4E07F2-0B31-48C4-A7A0-D9CB554BABAD}.Debug|x86.ActiveCfg = Debug|Win32
		{BF4E07F2-0B31-48C4-A7A0-D9CB554BABAD}.Debug|x86.Build.0 = Debug|Win32
		{BF4E07F2-0B31-48C4-A7A0-D9CB554BABAD}.Release|x64.ActiveCfg = Release|x64
		{BF4E07F2-0B31-48C4-A7A0-D9CB554BABAD}.Release|x64.Build.0 = Release|x64
		{BF4E07F2-0B31-48C4-A7A0-D9CB554BABAD}.Release|x86.ActiveCfg = Release|Win32
		{BF4E07F2-0B31-48C4-A7A0-D9CB554BABAD}.Release|x86.Build.0 = Release|Win32
		{939B8687-965B-4F54-ACA2-12626B00128A}.Debug|x64.ActiveCfg = Debug|x64
		{939B8687-965B-4F54-ACA2-12626B00128A}.Debug|x64.Build.0 = Debug|x64
		{939B8687-965B-4F54-ACA2-12626B00128A}.Debug|x86.ActiveCfg = Debug|Win32
		{939B8687-965B-4F54-ACA2-12626B00128A}.Debug|x86.Build.0 = Debug|Win32
		{939B8687-965B-4F54-ACA2-12626B00128A}.Release|x64.ActiveCfg = Release|x64
		{939B8687-965B-4F54-ACA2-12626B00128A}.Release|x64.Build.0 = Release|x64
		{939B8687-965B-4F54-ACA2-12626B00128A}.Release|x86.ActiveCfg = Release|Win32
		{939B8687-965B-4F54-ACA2-12626B00128A}.Release|x86.Build.0 = Release|Win32
		{08FDC25D-18E8-48A0-B62C-9499FB799AF5}.Debug|x64.ActiveCfg = Debug|x64
		{08FDC25D-18E8-48A0-B62C-9499FB799AF5}.Debug|x64.Build.0 = Debug|x64
		{08FDC25D-18E8-48A0-B62C-9499FB799AF5}.Debug|x86.ActiveCfg = Debug|Win32
		{08FDC25D-18E8-48A0-B62C-9499FB799AF5}.Debug|x86.Build.0 = Debug|Win32
		{08FDC25D-18E8-48A0-B62C-9499FB799AF5}.Release|x64.ActiveCfg = Release|x64
		{08FDC25D-18E8-48A0-B62C-9499FB799AF5}.Release|x64.Build.0 = Release|x64
		{08FDC25D-18E8-48A0-B62C-9499FB799AF5}.Release|x86.ActiveCfg = Release|Win32
		{08FDC25D-18E8-48A0-B62C-9499FB799AF5}.Release|x86.Build.0 = Release|Win32
		{76E29954-B892-4776-BD4E-AA9E1FD95AA9}.Debug|x64.ActiveCfg = Debug|x64
		{76E29954-B892-4776-BD4E-AA9E1FD95AA9}.Debug|x64.Build.0 = Debug|x64
		{76E29954-B892-4776-BD4E-AA9E1FD95AA9}.Debug|x86.ActiveCfg = Debug|Win32
		{76E29954-B892-4776-BD4E-AA9E1FD95AA9}.Debug|x86.Build.0 = Debug|Win32
		{76E29954-B892-4776-BD4E-AA9E1FD95AA9}.Release|x64.ActiveCfg = Release|x64
		{76E29954-B892-4776-BD4E-AA9E1FD95AA9}.Release|x64.Build.0 = Release|x64
		{76E29954-B892-4776-BD4E-AA9E1FD95AA9}.Release|x86.ActiveCfg = Release|Win32
		{76E29954-B892-4776-BD4E-AA9E1FD95AA9}.Release|x86.Build.0 = Release|Win32
		{CB7E90B6-A5AB-4909-BF5E-22A1FD42C85D}.Debug|x64.ActiveCfg = Debug|x64
		{CB7E90B6-A5AB-4909-BF5E-22A1FD42C85D}.Debug|x64.Build.0 = Debug|x64
		{CB7E90B6-A5AB-4909-BF5E-22A1FD42C85D}.Debug|x86.ActiveCfg = Debug|Win32
		{CB7E90B6-A5AB-4909-BF5E-22A1FD42C85D}.Debug|x86.Build.0 = Debug|Win32
		{CB7E90B6-A5AB-4909-BF5E-22A1FD42C85D}.Release|x64.ActiveCfg = Release|x64
		{CB7E90B6-A5AB-4909-BF5E-22A1FD42C85D}.Release|x64.Build.0 = Release|x64
		{CB7E90B6-A5AB-4909-BF5E-22A1FD42C85D}.Release|x86.ActiveCfg = Release|Win32
		{CB7E90B6-A5AB-4909-BF5E-22A1FD42C85D}.Release|x86.Build.0 = Release|Win32
		{6552AD51-9FF3-463A-96AC-45C7BC9D50F5}.Debug|x64.ActiveCfg = Debug|x64
		{6552AD51-9FF3-463A-96AC-45C7BC9D50F5}.Debug|x64.Build.0 = Debug|x64
		{6552AD51-9FF3-463A-96AC-45C7BC9D50F5}.Debug|x86.ActiveCfg = Debug|Win32
		{6552AD51-9FF3-463A-96AC-45C7BC9D50F5}.Debug|x86.Build.0 = Debug|Win32
		{6552AD51-9FF3-463A-96AC-45C7BC9D50F5}.Release|x64.ActiveCfg = Release|x64
		{6552AD51-9FF3-463A-96AC-45C7BC9D50F5}.Release|x64.Build.0 = Release|x64
		{6552AD51-9FF3-463A-96AC-45C7BC9D50F5}.Release|x86.ActiveCfg = Release|Win32
		{6552AD51-9FF3-463A-96AC-45C7BC9D50F5}.Release|x86.Build.0 = Release|Win32
		{70C1FE04-DDDE-40AC-89A5-214CA47B16B1}.Debug|x64.ActiveCfg = Debug|x64
		{70C1FE04-DDDE-40AC-89A5-214CA47B16B1}.Debug|x64.Build.0 = Debug|x64
		{70C1FE04-DDDE-40AC-89A5-214CA47B16B1}.Debug|x86.ActiveCfg = Debug|Win32
		{70C1FE04-DDDE-40AC-89A5-214CA47B16B1}.Debug|x86.Build.0 = Debug|Win32
		{70C1FE04-DDDE-40AC-89A5-214CA47B16B1}.Release|x64.ActiveCfg = Release|x64
		{70C1FE04-DDDE-40AC-89A5-214CA47B16B1}.Release|x64.Build.0 = Release|x64
		{70C1FE04-DDDE-40AC-89A5-214CA47B16B1}.Release|x86.ActiveCfg = Release|Win32
		{70C1FE04-DDDE-40AC-89A5-214CA47B16B1}.Release|x86.Build.0 = Release|Win32
		{A869B282-543F-46D5-9BEC-0A207B306846}.Debug|x64.ActiveCfg = Debug|x64
		{A869B282-543F-46D5-9BEC-0A207B306846}.Debug|x64.Build.0 = Debug|x64
		{A869B282-543F-46D5-9BEC-0A207B306846}.Debug|x86.ActiveCfg = Debug|Win32
		{A869B282-543F-46D5-9BEC-0A207B306846}.Debug|x86.Build.0 = Debug|Win32
		{A869B282-543F-46D5-9BEC-0A207B306846}.Release|x64.ActiveCfg = Release|x64
		{A869B282-543F-46D5-9BEC-0A207B306846}.Release|x64.Build.0 = Release|x64
		{A869B282-543F-46D5-9BEC-0A207B306846}.Release|x86.ActiveCfg = Release|Win32
		{A869B282-543F-46D5-9BEC-0A207B306846}.Release|x86.Build.0 = Release|Win32
		{0EFB0EAC-3D63-4E2B-B20D-3DEB3F535D38}.Debug|x64.ActiveCfg = Debug|x64
		{0EFB0EAC-3D63-4E2B-B20D-3DEB3F535D38}.Debug|x64.Build.0 = Debug|x64
		{0EFB0EAC-3D63-4E2B-B20D-3DEB3F535D38}.Debug|x86.ActiveCfg = Debug|Win32
		{0EFB0EAC-3D63-4E2B-B20D-3DEB3F535D38}.Debug|x86.Build.0 = Debug|Win32
		{0EFB0EAC-3D63-4E2B-B20D-3DEB3F535D38}.Release|x64.ActiveCfg = Release|x64
		{0EFB0EAC-3D63-4E2B-B20D-3DEB3F535D38}.Release|x64.Build.0 = Release|x64
		{0EFB0EAC-3D63-4E2B-B20D-3DEB3F535D38}.Release|x86.ActiveCfg = Release|Win32
		{0EFB0EAC-3D63-4E2B-B20D-3DEB3F535D38}.Release|x86.Build.0 = Release|Win32
		{6A73AF0F-DFC8-488C-8817-CC0D77CD6503}.Debug|x64.ActiveCfg = Debug|x64
		{6A73AF0F-DFC8-488C-8817-CC0D77CD6503}.Debug|x64.Build.0 = Debug|x64
		{6A73AF0F-DFC8-488C-8817-CC0D77CD6503}.Debug|x86.ActiveCfg = Debug|Win32
		{6A73AF0F-DFC8-488C-8817-CC0D77CD6503}.Debug|x86.Build.0 = Debug|Win32
		{6A73AF0F-DFC8-488C-8817-CC0D77CD6503}.Release|x64.ActiveCfg = Release|x64
		{6A73AF0F-DFC8-488C-8817-CC0D77CD6503}.Release|x64.Build.0 = Release|x64
		{6A73AF0F-DFC8-488C-8817-CC0D77CD6503}.Release|x86.ActiveCfg = Release|Win32
		{6A73AF0F-DFC8-488C-8817-CC0D77CD6503}.Release|x86.Build.0 = Release|Win32
		{6758649C-E5DB-46B5-9933-1F2006A38949}.Debug|x64.ActiveCfg = Debug|x64
		{6758649C-E5DB-46B5-9933-1F2006A38949}.Debug|x64.Build.0 = Debug|x64
		{6758649C-E5DB-46B5-9933-1F2006A38949}.Debug|x86.ActiveCfg = Debug|Win32
		{6758649C-E5DB-46B5-9933-1F2006A38949}.Debug|x86.Build.0 = Debug|Win32
		{6758649C-E5DB-46B5-9933-1F2006A38949}.Release|x64.ActiveCfg = Release|x64
		{6758649C-E5DB-46B5-9933-1F2006A38949}.Release|x64.Build.0 = Release|x64
		{6758649C-E5DB-46B5-9933-1F2006A38949}.Release|x86.ActiveCfg = Release|Win32
		{6758649C-E5DB-46B5-9933-1F2006A38949}.Release|x86.Build.0 = Release|Win32
		{CF5F048D-5FBF-4BBC-A32F-74EA655FBEE5}.Debug|x64.ActiveCfg = Debug|x64
		{CF5F048D-5FBF-4BBC-A32F-74EA655FBEE5}.Debug|x64.Build.0 = Debug|x64
		{CF5F048D-5FBF-4BBC-A32F-74EA655FBEE5}.Debug|x86.ActiveCfg = Debug|Win32
		{CF5F048D-5FBF-4BBC-A32F-74EA655FBEE5}.Debug|x86.Build.0 = Debug|Win32
		{CF5F048D-5FBF-4BBC-A32F-74EA655FBEE5}.Release|x64.ActiveCfg = Release|x64
		{CF5F048D-5FBF-4BBC-A32F-74EA655FBEE5}.Release|x64.Build.0 = Release|x64
		{CF5F048D-5FBF-4BBC-A32F-74EA655FBEE5}.Release|x86.ActiveCfg = Release|Win32
		{CF5F048D-5FBF-4BBC-A32F-74EA655FBEE5}.Release|x86.Build.0 = Release|Win32
		{AEA06D4D-E209-4610-9917-00CA1CF51C72}.Debug|x64.ActiveCfg = Debug|x64
		{AEA06D4D-E209-4610-9917-00CA1CF51C72}.Debug|x64.Build.0 = Debug|x64
		{AEA06D4D-E209-4610-9917-00CA1CF51C72}.Debug|x86.ActiveCfg = Debug|Win32
		{AEA06D4D-E209-4610-9917-00CA1CF51C72}.Debug|x86.Build.0 = Debug|Win32
		{AEA06D4D-E209-4610-9917-00CA1CF51C72}.Release|x64.ActiveCfg = Release|x64
		{AEA06D4D-E209-4610-9917-00CA1CF51C72}.Release|x64.Build.0 = Release|x64
		{AEA06D4D-E209-4610-9917-00CA1CF51C72}.Release|x86.ActiveCfg = Release|Win32
		{AEA06D4D-E209-4610-9917-00CA1CF51C72}.Release|x86.Build.0 = Release|Win32
		{21D74BA9-26CE-430C-8501-2A244CEE619C}.Debug|x64.ActiveCfg = Debug|x64
		{21D74BA9-26CE-430C-8501-2A244CEE619C}.Debug|x64.Build.0 = Debug|x64
		{21D74BA9-26CE-430C-8501-2A244CEE619C}.Debug|x86.ActiveCfg = Debug|Win32
		{21D74BA9-26CE-430C-8501-2A244CEE619C}.Debug|x86.Build.0 = Debug|Win32
		{21D74BA9-26CE-430C-8501-2A244CEE619C}.Release|x64.ActiveCfg = Release|x64
		{21D74BA9-26CE-430C-8501-2A244CEE619C}.Release|x64.Build.0 = Release|x64
		{21D74BA9-26CE-430C-8501-2A244CEE619C}.Release|x86.ActiveCfg = Release|Win32
		{21D74BA9-26CE-430C-8501-2A244CEE619C}.Release|x86.Build.0 = Release|Win32
		{A016D80F-A97A-4E6F-B560-7001057BCF08}.Debug|x64.ActiveCfg = Debug|x64
		{A016D80F-A97A-4E6F-B560-7001057BCF08}.Debug|x64.Build.0 = Debug|x64
		{A016D80F-A97A-4E6F-B560-7001057BCF08}.Debug|x86.ActiveCfg = Debug|Win32
		{A016D80F-A97A-4E6F-B560-7001057BCF08}.Debug|x86.Build.0 = Debug|Win32
		{A016D80F-A97A-4E6F-B560-7001057BCF08}.Release|x64.ActiveCfg = Release|x64
		{A016D80F-A97A-4E6F-B560-7001057BCF08}.Release|x64.Build.0 = Release|x64
		{A016D80F-A97A-4E6F-B560-7001057BCF08}.Release|x86.ActiveCfg = Release|Win32
		{A016D80F-A97A-4E6F-B560-7001057BCF08}.Release|x86.Build.0 = Release|Win32
		{954F6FC4-2103-4309-9D9D-4887E9AB6DC6}.Debug|x64.ActiveCfg = Debug|x64
		{954F6FC4-2103-4309-9D9D-4887E9AB6DC6}.Debug|x64.Build.0 = Debug|x64
		{954F6FC4-2103-4309-9D9D-4887E9AB6DC6}.Debug|x86.ActiveCfg = Debug|Win32
		{954F6FC4-2103-4309-9D9D-4887E9AB6DC6}.Debug|x86.Build.0 = Debug|Win32
		{954F6FC4-2103-4309-9D9D-4887E9AB6DC6}.Release|x64.ActiveCfg = Release|x64
		{954F6FC4-2103-4309-9D9D-4887E9AB6DC6}.Release|x64.Build.0 = Release|x64
		{954F6FC4-2103-4309-9D9D-4887E9AB6DC6}.Release|x86.ActiveCfg = Release|Win32
		{954F6FC4-2103-4309-9D9D-4887E9AB6DC6}.Release|x86.Build.0 = Release|Win32
		{261D7C07-6837-48F6-B5CF-37E71B1EC08E}.Debug|x64.ActiveCfg = Debug|x64
		{261D7C07-6837-48F6-B5CF-37E71B1EC08E}.Debug|x64.Build.0 = Debug|x64
		{261D7C07-6837-48F6-B5CF-37E71B1EC08E}.Debug|x86.ActiveCfg = Debug|Win32
		{261D7C07-6837-48F6-B5CF-37E71B1EC08E}.Debug|x86.Build.0 = Debug|Win32
		{261D7C07-6837-48F6-B5CF-37E71B1EC08E}.Release|x64.ActiveCfg = Release|x64
		{261D7C07-6837-48F6-B5CF-37E71B1EC08E}.Release|x64.Build.0 = Release|x64
		{261D7C07-6837-48F6-B5CF-37E71B1EC08E}.Release|x86.ActiveCfg = Release|Win32
		{261D7C07-6837-48F6-B5CF-37E71B1EC08E}.Release|x86.Build.0 = Release|Win32
		{364D2573-705F-4F59-91EF-20F33913B1F2}.Debug|x64.ActiveCfg = Debug|x64
		{364D2573-705F-4F59-91EF-20F33913B1F2}.Debug|x64.Build.0 = Debug|x64
		{364D2573-705F-4F59-91EF-20F33913B1F2}.Debug|x86.ActiveCfg = Debug|Win32
		{364D2573-705F-4F59-91EF-20F33913B1F2}.Debug|x86.Build.0 = Debug|Win32
		{364D2573-705F-4F59-91EF-20F33913B1F2}.Release|x64.ActiveCfg = Release|x64
		{364D2573-705F-4F59-91EF-20F33913B1F2}.Release|x64.Build.0 = Release|x64
		{364D2573-705F-4F59-91EF-20F33913B1F2}.Release|x86.ActiveCfg = Release|Win32
		{364D2573-705F-4F59-91EF-20F33913B1F2}.Release|x86.Build.0 = Release|Win32
		{F4DD7D50-7E50-4895-B67E-35FF46F9B9AF}.Debug|x64.ActiveCfg = Debug|x64
		{F4DD7D50-7E50-4895-B67E-35FF46F9B9AF}.Debug|x64.Build.0 = Debug|x64
		{F4DD7D50-7E50-4895-B67E-35FF46F9B9AF}.Debug|x86.ActiveCfg = Debug|Win32
		{F4DD7D50-7E50-4895-B67E-35FF46F9B9AF}.Debug|x86.Build.0 = Debug|Win32
		{F4DD7D50-7E50-4895-B67E-35FF46F9B9AF}.Release|x64.ActiveCfg = Release|x64
		{F4DD7D50-7E50-4895-B67E-35FF46F9B9AF}.Release|x64.Build.0 = Release|x64
		{F4DD7D50-7E50-4895-B67E-35FF46F9B9AF}.Release|x86.ActiveCfg = Release|Win32
		{F4DD7D50-7E50-4895-B67E-35FF46F9B9AF}.Release|x86.Build.0 = Release|Win32
		{159CFB15-7A41-4253-AC05-F3A04F8CBA6E}.Debug|x64.ActiveCfg = Debug|x64
		{159CFB15-7A41-4253-AC05-F3A04F8CBA6E}.Debug|x64.Build.0 = Debug|x64
		{159CFB15-7A41-4253-AC05-F3A04F8CBA6E}.Debug|x86.ActiveCfg = Debug|Win32
		{159CFB15-7A41-4253-AC05-F3A04F8CBA6E}.Debug|x86.Build.0 = Debug|Win32
		{159CFB15-7A41-4253-AC05-F3A04F8CBA6E}.Release|x64.ActiveCfg = Release|x64
		{159CFB15-7A41-4253-AC05-F3A04F8CBA6E}.Release|x64.Build.0 = Release|x64
		{159CFB15-7A41-4253-AC05-F3A04F8CBA6E}.Release|x86.ActiveCfg = Release|Win32
		{159CFB15-7A41-4253-AC05-F3A04F8CBA6E}.Release|x86.Build.0 = Release|Win32
		{3BF67841-1CA8-4787-9740-65949251C55C}.Debug|x64.ActiveCfg = Debug|x64
		{3BF67841-1CA8-4787-9740-65949251C55C}.Debug|x64.Build.0 = Debug|x64
		{3BF67841-1CA8-4787-9740-65949251C55C}.Debug|x86.ActiveCfg = Debug|Win32
		{3BF67841-1CA8-4787-9740-65949251C55C}.Debug|x86.Build.0 = Debug|Win32
		{3BF67841-1CA8-4787-9740-65949251C55C}.Release|x64.ActiveCfg = Release|x64
		{3BF67841-1CA8-4787-9740-65949251C55C}.Release|x64.Build.0 = Release|x64
		{3BF67841-1CA8-4787-9740-65949251C55C}.Release|x86.ActiveCfg = Release|Win32
		{3BF67841-1CA8-4787-9740-65949251C55C}.Release|x86.Build.0 = Release|Win32
		{45CCB41C-A4F9-4DE4-847F-BE96E950258C}.Debug|x64.ActiveCfg = Debug|x64
		{45CCB41C-A4F9-4DE4-847F-BE96E950258C}.Debug|x64.Build.0 = Debug|x64
		{45CCB41C-A4F9-4DE4-847F-BE96E950258C}.Debug|x86.ActiveCfg = Debug|Win32
		{45CCB41C-A4F9-4DE4-847F-BE96E950258C}.Debug|x86.Build.0 = Debug|Win32
		{45CCB41C-A4F9-4DE4-847F-BE96E950258C}.Release|x64.ActiveCfg = Release|x64
		{45CCB41C-A4F9-4DE4-847F-BE96E950258C}.Release|x64.Build.0 = Release|x64
		{45CCB41C-A4F9-4DE4-847F-BE96E950258C}.Release|x86.ActiveCfg = Release|Win32
		{45CCB41C-A4F9-4DE4-847F-BE96E950258C}.Release|x86.Build.0 = Release|Win32
		{A0C7B0A0-3DF8-4208-9206-DCD1F24123AA}.Debug|x64.ActiveCfg = Debug|x64
		{A0C7B0A0-3DF8-4208-9206-DCD1F24123AA}.Debug|x64.Build.0 = Debug|x64
		{A0C7B0A0-3DF8-4208-9206-DCD1F24123AA}.Debug|x86.ActiveCfg = Debug|Win32
		{A0C7B0A0-3DF8-4208-9206-DCD1F24123AA}.Debug|x86.Build.0 = Debug|Win32
		{A0C7B0A0-3DF8-4208-9206-DCD1F24123AA}.Release|x64.ActiveCfg = Release|x64
		{A0C7B0A0-3DF8-4208-9206-DCD1F24123AA}.Release|x64.Build.0 = Release|x64
		{A0C7B0A0-3DF8-4208-9206-DCD1F24123AA}.Release|x86.ActiveCfg = Release|Win32
		{A0C7B0A0-3DF8-4208-9206-DCD1F24123AA}.Release|x86.Build.0 = Release|Win32
		{E661BB6F-9671-4588-8A69-3628B7AC6C02}.Debug|x64.ActiveCfg = Debug|x64
		{E661BB6F-9671-4588-8A69-3628B7AC6C02}.Debug|x64.Build.0 = Debug|x64
		{E661BB6F-9671-4588-8A69-3628B7AC6C02}.Debug|x86.ActiveCfg = Debug|Win32
		{E661BB6F-9671-4588-8A69-3628B7AC6C02}.Debug|x86.Build.0 = Debug|Win32
		{E661BB6F-9671-4588-8A69-3628B7AC6C02}.Release|x64.ActiveCfg = Release|x64
		{E661BB6F-9671-4588-8A69-3628B7AC6C02}.Release|x64.Build.0 = Release|x64
		{E661BB6F-9671-4588-8A69-3628B7AC6C02}.Release|x86.ActiveCfg = Release|Win32
		{E661BB6F-9671-4588-8A69-3628B7AC6C02}.Release|x86.Build.0 = Release|Win32
		{97E680A7-E266-45B6-A665-120B9BC1670A}.Debug|x64.ActiveCfg = Debug|x64
		{97E680A7-E266-45B6-A665-120B9BC1670A}.Debug|x64.Build.0 = Debug|x64
		{97E680A7-E266-45B6-A665-120B9BC1670A}.Debug|x86.ActiveCfg = Debug|Win32
		{97E680A7-E266-45B6-A665-120B9BC1670A}.Debug|x86.Build.0 = Debug|Win32
		{97E680A7-E266-45B6-A665-120B9BC1670A}.Release|x64.ActiveCfg = Release|x64
		{97E680A7-E266-45B6-A665-120B9BC1670A}.Release|x64.Build.0 = Release|x64
		{97E680A7-E266-45B6-A665-120B9BC1670A}.Release|x86.ActiveCfg = Release|Win32
		{97E680A7-E266-45B6-A665-120B9BC1670A}.Release|x86.Build.0 = Release|Win32
		{5DE32541-814E-43C0-B4A9-6DD3AA210778}.Debug|x64.ActiveCfg = Debug|x64
		{5DE32541-814E-43C0-B4A9-6DD3AA210778}.Debug|x64.Build.0 = Debug|x64
		{5DE32541-814E-43C0-B4A9-6DD3AA210778}.Debug|x86.ActiveCfg = Debug|Win32
		{5DE32541-814E-43C0-B4A9-6DD3AA210778}.Debug|x86.Build.0 = Debug|Win32
		{5DE32541-814E-43C0-B4A9-6DD3AA210778}.Release|x64.ActiveCfg = Release|x64
		{5DE32541-814E-43C0-B4A9-6DD3AA210778}.Release|x64.Build.0 = Release|x64
		{5DE32541-814E-43C0-B4A9-6DD3AA210778}.Release|x86.ActiveCfg = Release|Win32
		{5DE32541-814E-43C0-B4A9-6DD3AA210778}.Release|x86.Build.0 = Release|Win32
		{3549863C-173C-4223-AD01-B189CAF95392}.Debug|x64.ActiveCfg = Debug|x64
		{3549863C-173C-4223-AD01-B189CAF95392}.Debug|x64.Build.0 = Debug|x64
		{3549863C-173C-4223-AD01-B189CAF95392}.Debug|x86.ActiveCfg = Debug|Win32
		{3549863C-173C-4223-AD01-B189CAF95392}.Debug|x86.Build.0 = Debug|Win32
		{3549863C-173C-4223-AD01-B189CAF95392}.Release|x64.ActiveCfg = Release|x64
		{3549863C-173C-4223-AD01-B189CAF95392}.Release|x64.Build.0 = Release|x64
		{3549863C-173C-4223-AD01-B189CAF95392}.Release|x86.ActiveCfg = Release|Win32
		{3549863C-173C-4223-AD01-B189CAF95392}.Release|x86.Build.0 = Release|Win32
		{DE5DED75-E21A-4525-8381-EDD98196A953}.Debug|x64.ActiveCfg = Debug|x64
		{DE5DED75-E21A-4525-8381-EDD98196A953}.Debug|x64.Build.0 = Debug|x64
		{DE5DED75-E21A-4525-8381-EDD98196A953}.Debug|x86.ActiveCfg = Debug|Win32
		{DE5DED75-E21A-4525-8381-EDD98196A953}.Debug|x86.Build.0 = Debug|Win32
		{DE5DED75-E21A-4525-8381-EDD98196A953}.Release|x64.ActiveCfg = Release|x64
		{DE5DED75-E21A-4525-8381-EDD98196A953}.Release|x64.Build.0 = Release|x64
		{DE5DED75-E21A-4525-8381-EDD98196A953}.Release|x86.ActiveCfg = Release|Win32
		{DE5DED75-E21A-4525-8381-EDD98196A953}.Release|x86.Build.0 = Release|Win32
		{25A8AD69-474B-45B0-ACE9-F3CFA19FF663}.Debug|x64.ActiveCfg = Debug|x64
		{25A8AD69-474B-45B0-ACE9-F3CFA19FF663}.Debug|x64.Build.0 = Debug|x64
		{25A8AD69-474B-45B0-ACE9-F3CFA19FF663}.Debug|x86.ActiveCfg = Debug|Win32
		{25A8AD69-474B-45B0-ACE9-F3CFA19FF663}.Debug|x86.Build.0 = Debug|Win32
		{25A8AD69-474B-45B0-ACE9-F3CFA19FF663}.Release|x64.ActiveCfg = Release|x64
		{25A8AD69-474B-45B0-ACE9-F3CFA19FF663}.Release|x64.Build.0 = Release|x64
		{25A8AD69-474B-45B0-ACE9-F3CFA19FF663}.Release|x86.ActiveCfg = Release|Win32
		{25A8AD69-474B-45B0-ACE9-F3CFA19FF663}.Release|x86.Build.0 = Release|Win32
		{C3D5C83C-4A85-468F-90E5-F5519FF56204}.Debug|x64.ActiveCfg = Debug|x64
		{C3D5C83C-4A85-468F-90E5-F5519FF56204}.Debug|x64.Build.0 = Debug|x64
		{C3D5C83C-4A85-468F-90E5-F5519FF56204}.Debug|x86.ActiveCfg = Debug|Win32
		{C3D5C83C-4A85-468F-90E5-F5519FF56204}.Debug|x86.Build.0 = Debug|Win32
		{C3D5C83C-4A85-468F-90E5-F5519FF56204}.Release|x64.ActiveCfg = Release|x64
		{C3D5C83C-4A85-468F-90E5-F5519FF56204}.Release|x64.Build.0 = Release|x64
		{C3D5C83C-4A85-468F-90E5-F5519FF56204}.Release|x86.ActiveCfg = Release|Win32
		{C3D5C83C-4A85-468F-90E5-F5519FF56204}.Release|x86.Build.0 = Release|Win32
		{5EC03CF1-BAB2-4939-BFF2-8726700EAA7A}.Debug|x64.ActiveCfg = Debug|x64
		{5EC03CF1-BAB2-4939-BFF2-8726700EAA7A}.Debug|x64.Build.0 = Debug|x64
		{5EC03CF1-BAB2-4939-BFF2-8726700EAA7A}.Debug|x86.ActiveCfg = Debug|Win32
		{5EC03CF1-BAB2-4939-BFF2-8726700EAA7A}.Debug|x86.Build.0 = Debug|Win32
		{5EC03CF1-BAB2-4939-BFF2-8726700EAA7A}.Release|x64.ActiveCfg = Release|x64
		{5EC03CF1-BAB2-4939-BFF2-8726700EAA7A}.Release|x64.Build.0 = Release|x64
		{5EC03CF1-BAB2-4939-BFF2-8726700EAA7A}.Release|x86.ActiveCfg = Release|Win32
		{5EC03CF1-BAB2-4939-BFF2-8726700EAA7A}.Release|x86.Build.0 = Release|Win32
		{CC2FABD0-B80C-4EF9-BA54-A4DB92EFD96F}.Debug|x64.ActiveCfg = Debug|x64
		{CC2FABD0-B80C-4EF9-BA54-A4DB92EFD96F}.Debug|x64.Build.0 = Debug|x64
		{CC2FABD0-B80C-4EF9-BA54-A4DB92EFD96F}.Debug|x86.ActiveCfg = Debug|Win32
		{CC2FABD0-B80C-4EF9-BA54-A4DB92EFD96F}.Debug|x86.Build.0 = Debug|Win32
		{CC2FABD0-B80C-4EF9-BA54-A4DB92EFD96F}.Release|x64.ActiveCfg = Release|x64
		{CC2FABD0-B80C-4EF9-BA54-A4DB92EFD96F}.Release|x64.Build.0 = Release|x64
		{CC2FABD0-B80C-4EF9-BA54-A4DB92EFD96F}.Release|x86.ActiveCfg = Release|Win32
		{CC2FABD0-B80C-4EF9-BA54-A4DB92EFD96F}.Release|x86.Build.0 = Release|Win32
		{3D021A51-D591-4699-BE54-4B1E450441D8}.Debug|x64.ActiveCfg = Debug|x64
		{3D021A51-D591-4699-BE54-4B1E450441D8}.Debug|x64.Build.0 = Debug|x64
		{3D021A51-D591-4699-BE54-4B1E450441D8}.Debug|x86.ActiveCfg = Debug|Win32
		{3D021A51-D591-4699-BE54-4B1E450441D8}.Debug|x86.Build.0 = Debug|Win32
		{3D021A51-D591-4699-BE54-4B1E450441D8}.Release|x64.ActiveCfg = Release|x64
		{3D021A51-D591-4699-BE54-4B1E450441D8}.Release|x64.Build.0 = Release|x64
		{3D021A51-D591-4699-BE54-4B1E450441D8}.Release|x86.ActiveCfg = Release|Win32
		{3D021A51-D591-4699-BE54-4B1E450441D8}.Release|x86.Build.0 = Release|Win32
		{3E0A9A77-A850-435F-A0AB-966D053CB781}.Debug|x64.ActiveCfg = Debug|x64
		{3E0A9A77-A850-435F-A0AB-966D053CB781}.Debug|x64.Build.0 = Debug|x64
		{3E0A9A77-A850-435F-A0AB-966D053CB781}.Debug|x86.ActiveCfg = Debug|Win32
		{3E0A9A77-A850-435F-A0AB-966D053CB781}.Debug|x86.Build.0 = Debug|Win32
		{3E0A9A77-A850-435F-A0AB-966D053CB781}.Release|x64.ActiveCfg = Release|x64
		{3E0A9A77-A850-435F-A0AB-966D053CB781}.Release|x64.Build.0 = Release|x64
		{3E0A9A77-A850-435F-A0AB-966D053CB781}.Release|x86.ActiveCfg = Release|Win32
		{3E0A9A77-A850-435F-A0AB-966D053CB781}.Release|x86.Build.0 = Release|Win32
		{1488E80E-AF02-496C-8343-85EA6D45DF73}.Debug|x64.ActiveCfg = Debug|x64
		{1488E80E-AF02-496C-8343-85EA6D45DF73}.Debug|x64.Build.0 = Debug|x64
		{1488E80E-AF02-496C-8343-85EA6D45DF73}.Debug|x86.ActiveCfg = Debug|Win32
		{1488E80E-AF02-496C-8343-85EA6D45DF73}.Debug|x86.Build.0 = Debug|Win32
		{1488E80E-AF02-496C-8343-85EA6D45DF73}.Release|x64.ActiveCfg = Release|x64
		{1488E80E-AF02-496C-8343-85EA6D45DF73}.Release|x64.Build.0 = Release|x64
		{1488E80E-AF02-496C-8343-85EA6D45DF73}.Release|x86.ActiveCfg = Release|Win32
		{1488E80E-AF02-496C-8343-85EA6D45DF73}.Release|x86.Build.0 = Release|Win32
	EndGlobalSection
	GlobalSection(SolutionProperties) = preSolution
		HideSolutionNode = FALSE
	EndGlobalSection
	GlobalSection(ExtensibilityGlobals) = postSolution
		SolutionGuid = {740BE51A-275A-4C15-B6C2-314995C27ED7}
	EndGlobalSection
EndGlobal
