
Microsoft Visual Studio Solution File, Format Version 12.00
# Visual Studio Version 17
VisualStudioVersion = 17.0.32014.148
MinimumVisualStudioVersion = 10.0.40219.1
Project("{8BC9CEB8-8B4A-11D0-8D11-00A0C91BC942}") = "Baekjoon", "Baekjoon\Baekjoon.vcxproj", "{067C0737-0DDD-4CEF-8A9D-5EFE20F42FB7}"
EndProject
Project("{8BC9CEB8-8B4A-11D0-8D11-00A0C91BC942}") = "10157 자리배정", "10157 자리배정\10157 자리배정.vcxproj", "{03E99A45-D9CB-4E22-BD2E-52AFA564A3CC}"
EndProject
Project("{8BC9CEB8-8B4A-11D0-8D11-00A0C91BC942}") = "7568 덩치", "7568 덩치\7568 덩치.vcxproj", "{121ACF0F-34A0-4212-B72E-8370AF4B40F7}"
EndProject
Project("{8BC9CEB8-8B4A-11D0-8D11-00A0C91BC942}") = "2526 싸이클", "2526 싸이클\2526 싸이클.vcxproj", "{78B46A09-1077-4CFA-A136-42C265787A17}"
EndProject
Project("{8BC9CEB8-8B4A-11D0-8D11-00A0C91BC942}") = "2456 나는 학급회장이다", "2456 나는 학급회장이다\2456 나는 학급회장이다.vcxproj", "{A6C06658-5803-4CFE-98C6-0878E050D174}"
EndProject
Project("{8BC9CEB8-8B4A-11D0-8D11-00A0C91BC942}") = "2476 주사위 게임", "2476 주사위 게임\2476 주사위 게임.vcxproj", "{D06FCCC3-044B-4202-BD87-FE67AF93C97F}"
EndProject
Project("{8BC9CEB8-8B4A-11D0-8D11-00A0C91BC942}") = "2491 수열", "2491 수열\2491 수열.vcxproj", "{C4659907-B998-45D5-A286-010174097888}"
EndProject
Global
	GlobalSection(SolutionConfigurationPlatforms) = preSolution
		Debug|x64 = Debug|x64
		Debug|x86 = Debug|x86
		Release|x64 = Release|x64
		Release|x86 = Release|x86
	EndGlobalSection
	GlobalSection(ProjectConfigurationPlatforms) = postSolution
		{067C0737-0DDD-4CEF-8A9D-5EFE20F42FB7}.Debug|x64.ActiveCfg = Debug|x64
		{067C0737-0DDD-4CEF-8A9D-5EFE20F42FB7}.Debug|x64.Build.0 = Debug|x64
		{067C0737-0DDD-4CEF-8A9D-5EFE20F42FB7}.Debug|x86.ActiveCfg = Debug|Win32
		{067C0737-0DDD-4CEF-8A9D-5EFE20F42FB7}.Debug|x86.Build.0 = Debug|Win32
		{067C0737-0DDD-4CEF-8A9D-5EFE20F42FB7}.Release|x64.ActiveCfg = Release|x64
		{067C0737-0DDD-4CEF-8A9D-5EFE20F42FB7}.Release|x64.Build.0 = Release|x64
		{067C0737-0DDD-4CEF-8A9D-5EFE20F42FB7}.Release|x86.ActiveCfg = Release|Win32
		{067C0737-0DDD-4CEF-8A9D-5EFE20F42FB7}.Release|x86.Build.0 = Release|Win32
		{03E99A45-D9CB-4E22-BD2E-52AFA564A3CC}.Debug|x64.ActiveCfg = Debug|x64
		{03E99A45-D9CB-4E22-BD2E-52AFA564A3CC}.Debug|x64.Build.0 = Debug|x64
		{03E99A45-D9CB-4E22-BD2E-52AFA564A3CC}.Debug|x86.ActiveCfg = Debug|Win32
		{03E99A45-D9CB-4E22-BD2E-52AFA564A3CC}.Debug|x86.Build.0 = Debug|Win32
		{03E99A45-D9CB-4E22-BD2E-52AFA564A3CC}.Release|x64.ActiveCfg = Release|x64
		{03E99A45-D9CB-4E22-BD2E-52AFA564A3CC}.Release|x64.Build.0 = Release|x64
		{03E99A45-D9CB-4E22-BD2E-52AFA564A3CC}.Release|x86.ActiveCfg = Release|Win32
		{03E99A45-D9CB-4E22-BD2E-52AFA564A3CC}.Release|x86.Build.0 = Release|Win32
		{121ACF0F-34A0-4212-B72E-8370AF4B40F7}.Debug|x64.ActiveCfg = Debug|x64
		{121ACF0F-34A0-4212-B72E-8370AF4B40F7}.Debug|x64.Build.0 = Debug|x64
		{121ACF0F-34A0-4212-B72E-8370AF4B40F7}.Debug|x86.ActiveCfg = Debug|Win32
		{121ACF0F-34A0-4212-B72E-8370AF4B40F7}.Debug|x86.Build.0 = Debug|Win32
		{121ACF0F-34A0-4212-B72E-8370AF4B40F7}.Release|x64.ActiveCfg = Release|x64
		{121ACF0F-34A0-4212-B72E-8370AF4B40F7}.Release|x64.Build.0 = Release|x64
		{121ACF0F-34A0-4212-B72E-8370AF4B40F7}.Release|x86.ActiveCfg = Release|Win32
		{121ACF0F-34A0-4212-B72E-8370AF4B40F7}.Release|x86.Build.0 = Release|Win32
		{78B46A09-1077-4CFA-A136-42C265787A17}.Debug|x64.ActiveCfg = Debug|x64
		{78B46A09-1077-4CFA-A136-42C265787A17}.Debug|x64.Build.0 = Debug|x64
		{78B46A09-1077-4CFA-A136-42C265787A17}.Debug|x86.ActiveCfg = Debug|Win32
		{78B46A09-1077-4CFA-A136-42C265787A17}.Debug|x86.Build.0 = Debug|Win32
		{78B46A09-1077-4CFA-A136-42C265787A17}.Release|x64.ActiveCfg = Release|x64
		{78B46A09-1077-4CFA-A136-42C265787A17}.Release|x64.Build.0 = Release|x64
		{78B46A09-1077-4CFA-A136-42C265787A17}.Release|x86.ActiveCfg = Release|Win32
		{78B46A09-1077-4CFA-A136-42C265787A17}.Release|x86.Build.0 = Release|Win32
		{A6C06658-5803-4CFE-98C6-0878E050D174}.Debug|x64.ActiveCfg = Debug|x64
		{A6C06658-5803-4CFE-98C6-0878E050D174}.Debug|x64.Build.0 = Debug|x64
		{A6C06658-5803-4CFE-98C6-0878E050D174}.Debug|x86.ActiveCfg = Debug|Win32
		{A6C06658-5803-4CFE-98C6-0878E050D174}.Debug|x86.Build.0 = Debug|Win32
		{A6C06658-5803-4CFE-98C6-0878E050D174}.Release|x64.ActiveCfg = Release|x64
		{A6C06658-5803-4CFE-98C6-0878E050D174}.Release|x64.Build.0 = Release|x64
		{A6C06658-5803-4CFE-98C6-0878E050D174}.Release|x86.ActiveCfg = Release|Win32
		{A6C06658-5803-4CFE-98C6-0878E050D174}.Release|x86.Build.0 = Release|Win32
		{D06FCCC3-044B-4202-BD87-FE67AF93C97F}.Debug|x64.ActiveCfg = Debug|x64
		{D06FCCC3-044B-4202-BD87-FE67AF93C97F}.Debug|x64.Build.0 = Debug|x64
		{D06FCCC3-044B-4202-BD87-FE67AF93C97F}.Debug|x86.ActiveCfg = Debug|Win32
		{D06FCCC3-044B-4202-BD87-FE67AF93C97F}.Debug|x86.Build.0 = Debug|Win32
		{D06FCCC3-044B-4202-BD87-FE67AF93C97F}.Release|x64.ActiveCfg = Release|x64
		{D06FCCC3-044B-4202-BD87-FE67AF93C97F}.Release|x64.Build.0 = Release|x64
		{D06FCCC3-044B-4202-BD87-FE67AF93C97F}.Release|x86.ActiveCfg = Release|Win32
		{D06FCCC3-044B-4202-BD87-FE67AF93C97F}.Release|x86.Build.0 = Release|Win32
		{C4659907-B998-45D5-A286-010174097888}.Debug|x64.ActiveCfg = Debug|x64
		{C4659907-B998-45D5-A286-010174097888}.Debug|x64.Build.0 = Debug|x64
		{C4659907-B998-45D5-A286-010174097888}.Debug|x86.ActiveCfg = Debug|Win32
		{C4659907-B998-45D5-A286-010174097888}.Debug|x86.Build.0 = Debug|Win32
		{C4659907-B998-45D5-A286-010174097888}.Release|x64.ActiveCfg = Release|x64
		{C4659907-B998-45D5-A286-010174097888}.Release|x64.Build.0 = Release|x64
		{C4659907-B998-45D5-A286-010174097888}.Release|x86.ActiveCfg = Release|Win32
		{C4659907-B998-45D5-A286-010174097888}.Release|x86.Build.0 = Release|Win32
	EndGlobalSection
	GlobalSection(SolutionProperties) = preSolution
		HideSolutionNode = FALSE
	EndGlobalSection
	GlobalSection(ExtensibilityGlobals) = postSolution
		SolutionGuid = {740BE51A-275A-4C15-B6C2-314995C27ED7}
	EndGlobalSection
EndGlobal
